// !$*UTF8*$!
{
	archiveVersion = 1;
	classes = {
	};
	objectVersion = 50;
	objects = {

/* Begin PBXBuildFile section */
		38149998226FD30A001B2E71 /* AppDelegate.swift in Sources */ = {isa = PBXBuildFile; fileRef = 38149997226FD30A001B2E71 /* AppDelegate.swift */; };
		3814999A226FD30A001B2E71 /* ViewController.swift in Sources */ = {isa = PBXBuildFile; fileRef = 38149999226FD30A001B2E71 /* ViewController.swift */; };
		3814999D226FD30A001B2E71 /* Main.storyboard in Resources */ = {isa = PBXBuildFile; fileRef = 3814999B226FD30A001B2E71 /* Main.storyboard */; };
		3814999F226FD30C001B2E71 /* Assets.xcassets in Resources */ = {isa = PBXBuildFile; fileRef = 3814999E226FD30C001B2E71 /* Assets.xcassets */; };
		381499A2226FD30C001B2E71 /* LaunchScreen.storyboard in Resources */ = {isa = PBXBuildFile; fileRef = 381499A0226FD30C001B2E71 /* LaunchScreen.storyboard */; };
		381499AD226FD30C001B2E71 /* StoryBoardTestsTests.swift in Sources */ = {isa = PBXBuildFile; fileRef = 381499AC226FD30C001B2E71 /* StoryBoardTestsTests.swift */; };
/* End PBXBuildFile section */

/* Begin PBXContainerItemProxy section */
		381499A9226FD30C001B2E71 /* PBXContainerItemProxy */ = {
			isa = PBXContainerItemProxy;
			containerPortal = 3814998C226FD30A001B2E71 /* Project object */;
			proxyType = 1;
			remoteGlobalIDString = 38149993226FD30A001B2E71;
			remoteInfo = StoryBoardTests;
		};
/* End PBXContainerItemProxy section */

/* Begin PBXFileReference section */
		38149994226FD30A001B2E71 /* StoryBoardTests.app */ = {isa = PBXFileReference; explicitFileType = wrapper.application; includeInIndex = 0; path = StoryBoardTests.app; sourceTree = BUILT_PRODUCTS_DIR; };
		38149997226FD30A001B2E71 /* AppDelegate.swift */ = {isa = PBXFileReference; lastKnownFileType = sourcecode.swift; path = AppDelegate.swift; sourceTree = "<group>"; };
		38149999226FD30A001B2E71 /* ViewController.swift */ = {isa = PBXFileReference; lastKnownFileType = sourcecode.swift; path = ViewController.swift; sourceTree = "<group>"; };
		3814999C226FD30A001B2E71 /* Base */ = {isa = PBXFileReference; lastKnownFileType = file.storyboard; name = Base; path = Base.lproj/Main.storyboard; sourceTree = "<group>"; };
		3814999E226FD30C001B2E71 /* Assets.xcassets */ = {isa = PBXFileReference; lastKnownFileType = folder.assetcatalog; path = Assets.xcassets; sourceTree = "<group>"; };
		381499A1226FD30C001B2E71 /* Base */ = {isa = PBXFileReference; lastKnownFileType = file.storyboard; name = Base; path = Base.lproj/LaunchScreen.storyboard; sourceTree = "<group>"; };
		381499A3226FD30C001B2E71 /* Info.plist */ = {isa = PBXFileReference; lastKnownFileType = text.plist.xml; path = Info.plist; sourceTree = "<group>"; };
		381499A8226FD30C001B2E71 /* StoryBoardTestsTests.xctest */ = {isa = PBXFileReference; explicitFileType = wrapper.cfbundle; includeInIndex = 0; path = StoryBoardTestsTests.xctest; sourceTree = BUILT_PRODUCTS_DIR; };
		381499AC226FD30C001B2E71 /* StoryBoardTestsTests.swift */ = {isa = PBXFileReference; lastKnownFileType = sourcecode.swift; path = StoryBoardTestsTests.swift; sourceTree = "<group>"; };
		381499AE226FD30C001B2E71 /* Info.plist */ = {isa = PBXFileReference; lastKnownFileType = text.plist.xml; path = Info.plist; sourceTree = "<group>"; };
/* End PBXFileReference section */

/* Begin PBXFrameworksBuildPhase section */
		38149991226FD30A001B2E71 /* Frameworks */ = {
			isa = PBXFrameworksBuildPhase;
			buildActionMask = 2147483647;
			files = (
			);
			runOnlyForDeploymentPostprocessing = 0;
		};
		381499A5226FD30C001B2E71 /* Frameworks */ = {
			isa = PBXFrameworksBuildPhase;
			buildActionMask = 2147483647;
			files = (
			);
			runOnlyForDeploymentPostprocessing = 0;
		};
/* End PBXFrameworksBuildPhase section */

/* Begin PBXGroup section */
		3814998B226FD30A001B2E71 = {
			isa = PBXGroup;
			children = (
				38149996226FD30A001B2E71 /* StoryBoardTests */,
				381499AB226FD30C001B2E71 /* StoryBoardTestsTests */,
				38149995226FD30A001B2E71 /* Products */,
			);
			sourceTree = "<group>";
		};
		38149995226FD30A001B2E71 /* Products */ = {
			isa = PBXGroup;
			children = (
				38149994226FD30A001B2E71 /* StoryBoardTests.app */,
				381499A8226FD30C001B2E71 /* StoryBoardTestsTests.xctest */,
			);
			name = Products;
			sourceTree = "<group>";
		};
		38149996226FD30A001B2E71 /* StoryBoardTests */ = {
			isa = PBXGroup;
			children = (
				38149997226FD30A001B2E71 /* AppDelegate.swift */,
				38149999226FD30A001B2E71 /* ViewController.swift */,
				3814999B226FD30A001B2E71 /* Main.storyboard */,
				3814999E226FD30C001B2E71 /* Assets.xcassets */,
				381499A0226FD30C001B2E71 /* LaunchScreen.storyboard */,
				381499A3226FD30C001B2E71 /* Info.plist */,
			);
			path = StoryBoardTests;
			sourceTree = "<group>";
		};
		381499AB226FD30C001B2E71 /* StoryBoardTestsTests */ = {
			isa = PBXGroup;
			children = (
				381499AC226FD30C001B2E71 /* StoryBoardTestsTests.swift */,
				381499AE226FD30C001B2E71 /* Info.plist */,
			);
			path = StoryBoardTestsTests;
			sourceTree = "<group>";
		};
/* End PBXGroup section */

/* Begin PBXNativeTarget section */
		38149993226FD30A001B2E71 /* StoryBoardTests */ = {
			isa = PBXNativeTarget;
			buildConfigurationList = 381499B1226FD30C001B2E71 /* Build configuration list for PBXNativeTarget "StoryBoardTests" */;
			buildPhases = (
				38149990226FD30A001B2E71 /* Sources */,
				38149991226FD30A001B2E71 /* Frameworks */,
				38149992226FD30A001B2E71 /* Resources */,
			);
			buildRules = (
			);
			dependencies = (
			);
			name = StoryBoardTests;
			productName = StoryBoardTests;
			productReference = 38149994226FD30A001B2E71 /* StoryBoardTests.app */;
			productType = "com.apple.product-type.application";
		};
		381499A7226FD30C001B2E71 /* StoryBoardTestsTests */ = {
			isa = PBXNativeTarget;
			buildConfigurationList = 381499B4226FD30C001B2E71 /* Build configuration list for PBXNativeTarget "StoryBoardTestsTests" */;
			buildPhases = (
				381499A4226FD30C001B2E71 /* Sources */,
				381499A5226FD30C001B2E71 /* Frameworks */,
				381499A6226FD30C001B2E71 /* Resources */,
			);
			buildRules = (
			);
			dependencies = (
				381499AA226FD30C001B2E71 /* PBXTargetDependency */,
			);
			name = StoryBoardTestsTests;
			productName = StoryBoardTestsTests;
			productReference = 381499A8226FD30C001B2E71 /* StoryBoardTestsTests.xctest */;
			productType = "com.apple.product-type.bundle.unit-test";
		};
/* End PBXNativeTarget section */

/* Begin PBXProject section */
		3814998C226FD30A001B2E71 /* Project object */ = {
			isa = PBXProject;
			attributes = {
				LastSwiftUpdateCheck = 1020;
				LastUpgradeCheck = 1020;
				ORGANIZATIONNAME = "Ema Shinya";
				TargetAttributes = {
					38149993226FD30A001B2E71 = {
						CreatedOnToolsVersion = 10.2.1;
					};
					381499A7226FD30C001B2E71 = {
						CreatedOnToolsVersion = 10.2.1;
						TestTargetID = 38149993226FD30A001B2E71;
					};
				};
			};
			buildConfigurationList = 3814998F226FD30A001B2E71 /* Build configuration list for PBXProject "StoryBoardTests" */;
			compatibilityVersion = "Xcode 9.3";
			developmentRegion = en;
			hasScannedForEncodings = 0;
			knownRegions = (
				en,
				Base,
			);
			mainGroup = 3814998B226FD30A001B2E71;
			productRefGroup = 38149995226FD30A001B2E71 /* Products */;
			projectDirPath = "";
			projectRoot = "";
			targets = (
				38149993226FD30A001B2E71 /* StoryBoardTests */,
				381499A7226FD30C001B2E71 /* StoryBoardTestsTests */,
			);
		};
/* End PBXProject section */

/* Begin PBXResourcesBuildPhase section */
		38149992226FD30A001B2E71 /* Resources */ = {
			isa = PBXResourcesBuildPhase;
			buildActionMask = 2147483647;
			files = (
				381499A2226FD30C001B2E71 /* LaunchScreen.storyboard in Resources */,
				3814999F226FD30C001B2E71 /* Assets.xcassets in Resources */,
				3814999D226FD30A001B2E71 /* Main.storyboard in Resources */,
			);
			runOnlyForDeploymentPostprocessing = 0;
		};
		381499A6226FD30C001B2E71 /* Resources */ = {
			isa = PBXResourcesBuildPhase;
			buildActionMask = 2147483647;
			files = (
			);
			runOnlyForDeploymentPostprocessing = 0;
		};
/* End PBXResourcesBuildPhase section */

/* Begin PBXSourcesBuildPhase section */
		38149990226FD30A001B2E71 /* Sources */ = {
			isa = PBXSourcesBuildPhase;
			buildActionMask = 2147483647;
			files = (
				3814999A226FD30A001B2E71 /* ViewController.swift in Sources */,
				38149998226FD30A001B2E71 /* AppDelegate.swift in Sources */,
			);
			runOnlyForDeploymentPostprocessing = 0;
		};
		381499A4226FD30C001B2E71 /* Sources */ = {
			isa = PBXSourcesBuildPhase;
			buildActionMask = 2147483647;
			files = (
				381499AD226FD30C001B2E71 /* StoryBoardTestsTests.swift in Sources */,
			);
			runOnlyForDeploymentPostprocessing = 0;
		};
/* End PBXSourcesBuildPhase section */

/* Begin PBXTargetDependency section */
		381499AA226FD30C001B2E71 /* PBXTargetDependency */ = {
			isa = PBXTargetDependency;
			target = 38149993226FD30A001B2E71 /* StoryBoardTests */;
			targetProxy = 381499A9226FD30C001B2E71 /* PBXContainerItemProxy */;
		};
/* End PBXTargetDependency section */

/* Begin PBXVariantGroup section */
		3814999B226FD30A001B2E71 /* Main.storyboard */ = {
			isa = PBXVariantGroup;
			children = (
				3814999C226FD30A001B2E71 /* Base */,
			);
			name = Main.storyboard;
			sourceTree = "<group>";
		};
		381499A0226FD30C001B2E71 /* LaunchScreen.storyboard */ = {
			isa = PBXVariantGroup;
			children = (
				381499A1226FD30C001B2E71 /* Base */,
			);
			name = LaunchScreen.storyboard;
			sourceTree = "<group>";
		};
/* End PBXVariantGroup section */

/* Begin XCBuildConfiguration section */
		381499AF226FD30C001B2E71 /* Debug */ = {
			isa = XCBuildConfiguration;
			buildSettings = {
				ALWAYS_SEARCH_USER_PATHS = NO;
				CLANG_ANALYZER_NONNULL = YES;
				CLANG_ANALYZER_NUMBER_OBJECT_CONVERSION = YES_AGGRESSIVE;
				CLANG_CXX_LANGUAGE_STANDARD = "gnu++14";
				CLANG_CXX_LIBRARY = "libc++";
				CLANG_ENABLE_MODULES = YES;
				CLANG_ENABLE_OBJC_ARC = YES;
				CLANG_ENABLE_OBJC_WEAK = YES;
				CLANG_WARN_BLOCK_CAPTURE_AUTORELEASING = YES;
				CLANG_WARN_BOOL_CONVERSION = YES;
				CLANG_WARN_COMMA = YES;
				CLANG_WARN_CONSTANT_CONVERSION = YES;
				CLANG_WARN_DEPRECATED_OBJC_IMPLEMENTATIONS = YES;
				CLANG_WARN_DIRECT_OBJC_ISA_USAGE = YES_ERROR;
				CLANG_WARN_DOCUMENTATION_COMMENTS = YES;
				CLANG_WARN_EMPTY_BODY = YES;
				CLANG_WARN_ENUM_CONVERSION = YES;
				CLANG_WARN_INFINITE_RECURSION = YES;
				CLANG_WARN_INT_CONVERSION = YES;
				CLANG_WARN_NON_LITERAL_NULL_CONVERSION = YES;
				CLANG_WARN_OBJC_IMPLICIT_RETAIN_SELF = YES;
				CLANG_WARN_OBJC_LITERAL_CONVERSION = YES;
				CLANG_WARN_OBJC_ROOT_CLASS = YES_ERROR;
				CLANG_WARN_RANGE_LOOP_ANALYSIS = YES;
				CLANG_WARN_STRICT_PROTOTYPES = YES;
				CLANG_WARN_SUSPICIOUS_MOVE = YES;
				CLANG_WARN_UNGUARDED_AVAILABILITY = YES_AGGRESSIVE;
				CLANG_WARN_UNREACHABLE_CODE = YES;
				CLANG_WARN__DUPLICATE_METHOD_MATCH = YES;
				CODE_SIGN_IDENTITY = "iPhone Developer";
				COPY_PHASE_STRIP = NO;
				DEBUG_INFORMATION_FORMAT = dwarf;
				ENABLE_STRICT_OBJC_MSGSEND = YES;
				ENABLE_TESTABILITY = YES;
				GCC_C_LANGUAGE_STANDARD = gnu11;
				GCC_DYNAMIC_NO_PIC = NO;
				GCC_NO_COMMON_BLOCKS = YES;
				GCC_OPTIMIZATION_LEVEL = 0;
				GCC_PREPROCESSOR_DEFINITIONS = (
					"DEBUG=1",
					"$(inherited)",
				);
				GCC_WARN_64_TO_32_BIT_CONVERSION = YES;
				GCC_WARN_ABOUT_RETURN_TYPE = YES_ERROR;
				GCC_WARN_UNDECLARED_SELECTOR = YES;
				GCC_WARN_UNINITIALIZED_AUTOS = YES_AGGRESSIVE;
				GCC_WARN_UNUSED_FUNCTION = YES;
				GCC_WARN_UNUSED_VARIABLE = YES;
				IPHONEOS_DEPLOYMENT_TARGET = 12.2;
				MTL_ENABLE_DEBUG_INFO = INCLUDE_SOURCE;
				MTL_FAST_MATH = YES;
				ONLY_ACTIVE_ARCH = YES;
				SDKROOT = iphoneos;
				SWIFT_ACTIVE_COMPILATION_CONDITIONS = DEBUG;
				SWIFT_OPTIMIZATION_LEVEL = "-Onone";
			};
			name = Debug;
		};
		381499B0226FD30C001B2E71 /* Release */ = {
			isa = XCBuildConfiguration;
			buildSettings = {
				ALWAYS_SEARCH_USER_PATHS = NO;
				CLANG_ANALYZER_NONNULL = YES;
				CLANG_ANALYZER_NUMBER_OBJECT_CONVERSION = YES_AGGRESSIVE;
				CLANG_CXX_LANGUAGE_STANDARD = "gnu++14";
				CLANG_CXX_LIBRARY = "libc++";
				CLANG_ENABLE_MODULES = YES;
				CLANG_ENABLE_OBJC_ARC = YES;
				CLANG_ENABLE_OBJC_WEAK = YES;
				CLANG_WARN_BLOCK_CAPTURE_AUTORELEASING = YES;
				CLANG_WARN_BOOL_CONVERSION = YES;
				CLANG_WARN_COMMA = YES;
				CLANG_WARN_CONSTANT_CONVERSION = YES;
				CLANG_WARN_DEPRECATED_OBJC_IMPLEMENTATIONS = YES;
				CLANG_WARN_DIRECT_OBJC_ISA_USAGE = YES_ERROR;
				CLANG_WARN_DOCUMENTATION_COMMENTS = YES;
				CLANG_WARN_EMPTY_BODY = YES;
				CLANG_WARN_ENUM_CONVERSION = YES;
				CLANG_WARN_INFINITE_RECURSION = YES;
				CLANG_WARN_INT_CONVERSION = YES;
				CLANG_WARN_NON_LITERAL_NULL_CONVERSION = YES;
				CLANG_WARN_OBJC_IMPLICIT_RETAIN_SELF = YES;
				CLANG_WARN_OBJC_LITERAL_CONVERSION = YES;
				CLANG_WARN_OBJC_ROOT_CLASS = YES_ERROR;
				CLANG_WARN_RANGE_LOOP_ANALYSIS = YES;
				CLANG_WARN_STRICT_PROTOTYPES = YES;
				CLANG_WARN_SUSPICIOUS_MOVE = YES;
				CLANG_WARN_UNGUARDED_AVAILABILITY = YES_AGGRESSIVE;
				CLANG_WARN_UNREACHABLE_CODE = YES;
				CLANG_WARN__DUPLICATE_METHOD_MATCH = YES;
				CODE_SIGN_IDENTITY = "iPhone Developer";
				COPY_PHASE_STRIP = NO;
				DEBUG_INFORMATION_FORMAT = "dwarf-with-dsym";
				ENABLE_NS_ASSERTIONS = NO;
				ENABLE_STRICT_OBJC_MSGSEND = YES;
				GCC_C_LANGUAGE_STANDARD = gnu11;
				GCC_NO_COMMON_BLOCKS = YES;
				GCC_WARN_64_TO_32_BIT_CONVERSION = YES;
				GCC_WARN_ABOUT_RETURN_TYPE = YES_ERROR;
				GCC_WARN_UNDECLARED_SELECTOR = YES;
				GCC_WARN_UNINITIALIZED_AUTOS = YES_AGGRESSIVE;
				GCC_WARN_UNUSED_FUNCTION = YES;
				GCC_WARN_UNUSED_VARIABLE = YES;
				IPHONEOS_DEPLOYMENT_TARGET = 12.2;
				MTL_ENABLE_DEBUG_INFO = NO;
				MTL_FAST_MATH = YES;
				SDKROOT = iphoneos;
				SWIFT_COMPILATION_MODE = wholemodule;
				SWIFT_OPTIMIZATION_LEVEL = "-O";
				VALIDATE_PRODUCT = YES;
			};
			name = Release;
		};
		381499B2226FD30C001B2E71 /* Debug */ = {
			isa = XCBuildConfiguration;
			buildSettings = {
				ASSETCATALOG_COMPILER_APPICON_NAME = AppIcon;
				CODE_SIGN_STYLE = Automatic;
				DEVELOPMENT_TEAM = UUD4WPFJTD;
				INFOPLIST_FILE = StoryBoardTests/Info.plist;
				LD_RUNPATH_SEARCH_PATHS = (
					"$(inherited)",
					"@executable_path/Frameworks",
				);
				PRODUCT_BUNDLE_IDENTIFIER = jp.ema.StoryBoardTests;
				PRODUCT_NAME = "$(TARGET_NAME)";
				SWIFT_VERSION = 5.0;
				TARGETED_DEVICE_FAMILY = "1,2";
			};
			name = Debug;
		};
		381499B3226FD30C001B2E71 /* Release */ = {
			isa = XCBuildConfiguration;
			buildSettings = {
				ASSETCATALOG_COMPILER_APPICON_NAME = AppIcon;
				CODE_SIGN_STYLE = Automatic;
				DEVELOPMENT_TEAM = UUD4WPFJTD;
				INFOPLIST_FILE = StoryBoardTests/Info.plist;
				LD_RUNPATH_SEARCH_PATHS = (
					"$(inherited)",
					"@executable_path/Frameworks",
				);
				PRODUCT_BUNDLE_IDENTIFIER = jp.ema.StoryBoardTests;
				PRODUCT_NAME = "$(TARGET_NAME)";
				SWIFT_VERSION = 5.0;
				TARGETED_DEVICE_FAMILY = "1,2";
			};
			name = Release;
		};
		381499B5226FD30C001B2E71 /* Debug */ = {
			isa = XCBuildConfiguration;
			buildSettings = {
				ALWAYS_EMBED_SWIFT_STANDARD_LIBRARIES = YES;
				BUNDLE_LOADER = "$(TEST_HOST)";
				CODE_SIGN_STYLE = Automatic;
				DEVELOPMENT_TEAM = UUD4WPFJTD;
				INFOPLIST_FILE = StoryBoardTestsTests/Info.plist;
				LD_RUNPATH_SEARCH_PATHS = (
					"$(inherited)",
					"@executable_path/Frameworks",
					"@loader_path/Frameworks",
				);
				PRODUCT_BUNDLE_IDENTIFIER = jp.ema.StoryBoardTestsTests;
				PRODUCT_NAME = "$(TARGET_NAME)";
				SWIFT_VERSION = 5.0;
				TARGETED_DEVICE_FAMILY = "1,2";
				TEST_HOST = "$(BUILT_PRODUCTS_DIR)/StoryBoardTests.app/StoryBoardTests";
			};
			name = Debug;
		};
		381499B6226FD30C001B2E71 /* Release */ = {
			isa = XCBuildConfiguration;
			buildSettings = {
				ALWAYS_EMBED_SWIFT_STANDARD_LIBRARIES = YES;
				BUNDLE_LOADER = "$(TEST_HOST)";
				CODE_SIGN_STYLE = Automatic;
				DEVELOPMENT_TEAM = UUD4WPFJTD;
				INFOPLIST_FILE = StoryBoardTestsTests/Info.plist;
				LD_RUNPATH_SEARCH_PATHS = (
					"$(inherited)",
					"@executable_path/Frameworks",
					"@loader_path/Frameworks",
				);
				PRODUCT_BUNDLE_IDENTIFIER = jp.ema.StoryBoardTestsTests;
				PRODUCT_NAME = "$(TARGET_NAME)";
				SWIFT_VERSION = 5.0;
				TARGETED_DEVICE_FAMILY = "1,2";
				TEST_HOST = "$(BUILT_PRODUCTS_DIR)/StoryBoardTests.app/StoryBoardTests";
			};
			name = Release;
		};
/* End XCBuildConfiguration section */

/* Begin XCConfigurationList section */
		3814998F226FD30A001B2E71 /* Build configuration list for PBXProject "StoryBoardTests" */ = {
			isa = XCConfigurationList;
			buildConfigurations = (
				381499AF226FD30C001B2E71 /* Debug */,
				381499B0226FD30C001B2E71 /* Release */,
			);
			defaultConfigurationIsVisible = 0;
			defaultConfigurationName = Release;
		};
		381499B1226FD30C001B2E71 /* Build configuration list for PBXNativeTarget "StoryBoardTests" */ = {
			isa = XCConfigurationList;
			buildConfigurations = (
				381499B2226FD30C001B2E71 /* Debug */,
				381499B3226FD30C001B2E71 /* Release */,
			);
			defaultConfigurationIsVisible = 0;
			defaultConfigurationName = Release;
		};
		381499B4226FD30C001B2E71 /* Build configuration list for PBXNativeTarget "StoryBoardTestsTests" */ = {
			isa = XCConfigurationList;
			buildConfigurations = (
				381499B5226FD30C001B2E71 /* Debug */,
				381499B6226FD30C001B2E71 /* Release */,
			);
			defaultConfigurationIsVisible = 0;
			defaultConfigurationName = Release;
		};
/* End XCConfigurationList section */
	};
	rootObject = 3814998C226FD30A001B2E71 /* Project object */;
}
