// !$*UTF8*$!
{
	archiveVersion = 1;
	classes = {
	};
	objectVersion = 50;
	objects = {

/* Begin PBXBuildFile section */
		381103CF227311CB00A4D008 /* UserDefaultsSpec.swift in Sources */ = {isa = PBXBuildFile; fileRef = 381103CE227311CB00A4D008 /* UserDefaultsSpec.swift */; };
		381103D02273133300A4D008 /* Nimble.framework in Frameworks */ = {isa = PBXBuildFile; fileRef = 38B3670E2268D2BD0009E42F /* Nimble.framework */; };
		381103D12273134300A4D008 /* Quick.framework in Frameworks */ = {isa = PBXBuildFile; fileRef = 38B367102268D2D10009E42F /* Quick.framework */; };
		381103D32273136D00A4D008 /* Quick.framework in CopyFiles */ = {isa = PBXBuildFile; fileRef = 38B367102268D2D10009E42F /* Quick.framework */; settings = {ATTRIBUTES = (CodeSignOnCopy, RemoveHeadersOnCopy, ); }; };
		381103D42273137400A4D008 /* Nimble.framework in CopyFiles */ = {isa = PBXBuildFile; fileRef = 38B3670E2268D2BD0009E42F /* Nimble.framework */; settings = {ATTRIBUTES = (CodeSignOnCopy, RemoveHeadersOnCopy, ); }; };
		381103D622731BDD00A4D008 /* ChartsSpec.swift in Sources */ = {isa = PBXBuildFile; fileRef = 381103D522731BDD00A4D008 /* ChartsSpec.swift */; };
		381103D8227321DF00A4D008 /* RealmSpec.swift in Sources */ = {isa = PBXBuildFile; fileRef = 381103D7227321DF00A4D008 /* RealmSpec.swift */; };
		3814998A226F4DA4001B2E71 /* ListViewControllerSpec.swift in Sources */ = {isa = PBXBuildFile; fileRef = 38149989226F4DA4001B2E71 /* ListViewControllerSpec.swift */; };
		381D4F792270B28F009F7E53 /* SettingViewController.swift in Sources */ = {isa = PBXBuildFile; fileRef = 381D4F782270B28F009F7E53 /* SettingViewController.swift */; };
		381D4F7B2270B628009F7E53 /* SettingViewControllerSpec.swift in Sources */ = {isa = PBXBuildFile; fileRef = 381D4F7A2270B628009F7E53 /* SettingViewControllerSpec.swift */; };
		381D4F7D22711AA2009F7E53 /* GraphViewController.swift in Sources */ = {isa = PBXBuildFile; fileRef = 381D4F7C22711AA2009F7E53 /* GraphViewController.swift */; };
		381D4F7F22711E24009F7E53 /* GraphViewControllerSpec.swift in Sources */ = {isa = PBXBuildFile; fileRef = 381D4F7E22711E24009F7E53 /* GraphViewControllerSpec.swift */; };
		381D4F8222720391009F7E53 /* RealmSwift.framework in Frameworks */ = {isa = PBXBuildFile; fileRef = 381D4F8122720391009F7E53 /* RealmSwift.framework */; };
		381D4F84227204ED009F7E53 /* Realm.framework in Frameworks */ = {isa = PBXBuildFile; fileRef = 381D4F83227204ED009F7E53 /* Realm.framework */; };
		3891FD7522678292005B186F /* AppDelegate.swift in Sources */ = {isa = PBXBuildFile; fileRef = 3891FD7422678292005B186F /* AppDelegate.swift */; };
		3891FD7C22678294005B186F /* Assets.xcassets in Resources */ = {isa = PBXBuildFile; fileRef = 3891FD7B22678294005B186F /* Assets.xcassets */; };
		3891FD7F22678294005B186F /* LaunchScreen.storyboard in Resources */ = {isa = PBXBuildFile; fileRef = 3891FD7D22678294005B186F /* LaunchScreen.storyboard */; };
		3891FD95226787BD005B186F /* main.swift in Sources */ = {isa = PBXBuildFile; fileRef = 3891FD94226787BD005B186F /* main.swift */; };
		38A1351222767C9C002C09CE /* UserNotificationsSpec.swift in Sources */ = {isa = PBXBuildFile; fileRef = 38A1351122767C9C002C09CE /* UserNotificationsSpec.swift */; };
		38B367092268D1FB0009E42F /* BrightFutures.framework in Frameworks */ = {isa = PBXBuildFile; fileRef = 38B367082268D1FB0009E42F /* BrightFutures.framework */; };
		38B3670B2268D20B0009E42F /* Charts.framework in Frameworks */ = {isa = PBXBuildFile; fileRef = 38B3670A2268D20B0009E42F /* Charts.framework */; };
		38B3670D2268D22C0009E42F /* PureLayout.framework in Frameworks */ = {isa = PBXBuildFile; fileRef = 38B3670C2268D22C0009E42F /* PureLayout.framework */; };
		38B3670F2268D2BD0009E42F /* Nimble.framework in Frameworks */ = {isa = PBXBuildFile; fileRef = 38B3670E2268D2BD0009E42F /* Nimble.framework */; };
		38B367112268D2D10009E42F /* Quick.framework in Frameworks */ = {isa = PBXBuildFile; fileRef = 38B367102268D2D10009E42F /* Quick.framework */; };
		38B367132268D2FD0009E42F /* Succinct.framework in Frameworks */ = {isa = PBXBuildFile; fileRef = 38B367122268D2FD0009E42F /* Succinct.framework */; };
		38B3671C22692F7B0009E42F /* Nimble.framework in CopyFiles */ = {isa = PBXBuildFile; fileRef = 38B3670E2268D2BD0009E42F /* Nimble.framework */; settings = {ATTRIBUTES = (CodeSignOnCopy, RemoveHeadersOnCopy, ); }; };
		38B3671D22692F820009E42F /* Quick.framework in CopyFiles */ = {isa = PBXBuildFile; fileRef = 38B367102268D2D10009E42F /* Quick.framework */; settings = {ATTRIBUTES = (CodeSignOnCopy, RemoveHeadersOnCopy, ); }; };
		38B3671E22692F870009E42F /* Succinct.framework in CopyFiles */ = {isa = PBXBuildFile; fileRef = 38B367122268D2FD0009E42F /* Succinct.framework */; settings = {ATTRIBUTES = (CodeSignOnCopy, RemoveHeadersOnCopy, ); }; };
		38B36720226931270009E42F /* InputViewControllerSpec.swift in Sources */ = {isa = PBXBuildFile; fileRef = 38B3671F226931270009E42F /* InputViewControllerSpec.swift */; };
		38B36722226931F40009E42F /* InputViewController.swift in Sources */ = {isa = PBXBuildFile; fileRef = 38B36721226931F40009E42F /* InputViewController.swift */; };
		38B367242269E3E80009E42F /* SpyRouter.swift in Sources */ = {isa = PBXBuildFile; fileRef = 38B367232269E3E80009E42F /* SpyRouter.swift */; };
		38B367282269E7F30009E42F /* NavigationRouterSpec.swift in Sources */ = {isa = PBXBuildFile; fileRef = 38B367272269E7F30009E42F /* NavigationRouterSpec.swift */; };
		38B3672A226CA1440009E42F /* NavigationRouter.swift in Sources */ = {isa = PBXBuildFile; fileRef = 38B36729226CA1430009E42F /* NavigationRouter.swift */; };
		38B3672C226CA2170009E42F /* ListViewController.swift in Sources */ = {isa = PBXBuildFile; fileRef = 38B3672B226CA2170009E42F /* ListViewController.swift */; };
		38B3672E226CA4340009E42F /* AppDelegateSpec.swift in Sources */ = {isa = PBXBuildFile; fileRef = 38B3672D226CA4340009E42F /* AppDelegateSpec.swift */; };
		38BE159A2279367100F97649 /* StubWeightRepository.swift in Sources */ = {isa = PBXBuildFile; fileRef = 38BE15992279367100F97649 /* StubWeightRepository.swift */; };
/* End PBXBuildFile section */

/* Begin PBXContainerItemProxy section */
		381D4F8E22720656009F7E53 /* PBXContainerItemProxy */ = {
			isa = PBXContainerItemProxy;
			containerPortal = 3891FD6922678292005B186F /* Project object */;
			proxyType = 1;
			remoteGlobalIDString = 3891FD7022678292005B186F;
			remoteInfo = WeightScale;
		};
		3891FD8622678294005B186F /* PBXContainerItemProxy */ = {
			isa = PBXContainerItemProxy;
			containerPortal = 3891FD6922678292005B186F /* Project object */;
			proxyType = 1;
			remoteGlobalIDString = 3891FD7022678292005B186F;
			remoteInfo = WeightScale;
		};
/* End PBXContainerItemProxy section */

/* Begin PBXCopyFilesBuildPhase section */
		381103D22273134900A4D008 /* CopyFiles */ = {
			isa = PBXCopyFilesBuildPhase;
			buildActionMask = 2147483647;
			dstPath = "";
			dstSubfolderSpec = 10;
			files = (
				381103D42273137400A4D008 /* Nimble.framework in CopyFiles */,
				381103D32273136D00A4D008 /* Quick.framework in CopyFiles */,
			);
			runOnlyForDeploymentPostprocessing = 0;
		};
		38B367152268D4440009E42F /* CopyFiles */ = {
			isa = PBXCopyFilesBuildPhase;
			buildActionMask = 2147483647;
			dstPath = "";
			dstSubfolderSpec = 10;
			files = (
				38B3671C22692F7B0009E42F /* Nimble.framework in CopyFiles */,
				38B3671D22692F820009E42F /* Quick.framework in CopyFiles */,
				38B3671E22692F870009E42F /* Succinct.framework in CopyFiles */,
			);
			runOnlyForDeploymentPostprocessing = 0;
		};
/* End PBXCopyFilesBuildPhase section */

/* Begin PBXFileReference section */
		381103CE227311CB00A4D008 /* UserDefaultsSpec.swift */ = {isa = PBXFileReference; lastKnownFileType = sourcecode.swift; path = UserDefaultsSpec.swift; sourceTree = "<group>"; };
		381103D522731BDD00A4D008 /* ChartsSpec.swift */ = {isa = PBXFileReference; lastKnownFileType = sourcecode.swift; path = ChartsSpec.swift; sourceTree = "<group>"; };
		381103D7227321DF00A4D008 /* RealmSpec.swift */ = {isa = PBXFileReference; lastKnownFileType = sourcecode.swift; path = RealmSpec.swift; sourceTree = "<group>"; };
		38149989226F4DA4001B2E71 /* ListViewControllerSpec.swift */ = {isa = PBXFileReference; lastKnownFileType = sourcecode.swift; path = ListViewControllerSpec.swift; sourceTree = "<group>"; };
		381D4F782270B28F009F7E53 /* SettingViewController.swift */ = {isa = PBXFileReference; lastKnownFileType = sourcecode.swift; path = SettingViewController.swift; sourceTree = "<group>"; };
		381D4F7A2270B628009F7E53 /* SettingViewControllerSpec.swift */ = {isa = PBXFileReference; lastKnownFileType = sourcecode.swift; path = SettingViewControllerSpec.swift; sourceTree = "<group>"; };
		381D4F7C22711AA2009F7E53 /* GraphViewController.swift */ = {isa = PBXFileReference; lastKnownFileType = sourcecode.swift; path = GraphViewController.swift; sourceTree = "<group>"; };
		381D4F7E22711E24009F7E53 /* GraphViewControllerSpec.swift */ = {isa = PBXFileReference; lastKnownFileType = sourcecode.swift; path = GraphViewControllerSpec.swift; sourceTree = "<group>"; };
		381D4F8122720391009F7E53 /* RealmSwift.framework */ = {isa = PBXFileReference; lastKnownFileType = wrapper.framework; name = RealmSwift.framework; path = Carthage/Build/iOS/RealmSwift.framework; sourceTree = "<group>"; };
		381D4F83227204ED009F7E53 /* Realm.framework */ = {isa = PBXFileReference; lastKnownFileType = wrapper.framework; name = Realm.framework; path = Carthage/Build/iOS/Realm.framework; sourceTree = "<group>"; };
		381D4F8922720656009F7E53 /* WeightScaleThirdPartyAPITests.xctest */ = {isa = PBXFileReference; explicitFileType = wrapper.cfbundle; includeInIndex = 0; path = WeightScaleThirdPartyAPITests.xctest; sourceTree = BUILT_PRODUCTS_DIR; };
		381D4F8D22720656009F7E53 /* Info.plist */ = {isa = PBXFileReference; lastKnownFileType = text.plist.xml; path = Info.plist; sourceTree = "<group>"; };
		3891FD7122678292005B186F /* WeightScale.app */ = {isa = PBXFileReference; explicitFileType = wrapper.application; includeInIndex = 0; path = WeightScale.app; sourceTree = BUILT_PRODUCTS_DIR; };
		3891FD7422678292005B186F /* AppDelegate.swift */ = {isa = PBXFileReference; lastKnownFileType = sourcecode.swift; path = AppDelegate.swift; sourceTree = "<group>"; };
		3891FD7B22678294005B186F /* Assets.xcassets */ = {isa = PBXFileReference; lastKnownFileType = folder.assetcatalog; path = Assets.xcassets; sourceTree = "<group>"; };
		3891FD7E22678294005B186F /* Base */ = {isa = PBXFileReference; lastKnownFileType = file.storyboard; name = Base; path = Base.lproj/LaunchScreen.storyboard; sourceTree = "<group>"; };
		3891FD8022678294005B186F /* Info.plist */ = {isa = PBXFileReference; lastKnownFileType = text.plist.xml; path = Info.plist; sourceTree = "<group>"; };
		3891FD8522678294005B186F /* WeightScaleTests.xctest */ = {isa = PBXFileReference; explicitFileType = wrapper.cfbundle; includeInIndex = 0; path = WeightScaleTests.xctest; sourceTree = BUILT_PRODUCTS_DIR; };
		3891FD8B22678294005B186F /* Info.plist */ = {isa = PBXFileReference; lastKnownFileType = text.plist.xml; path = Info.plist; sourceTree = "<group>"; };
		3891FD94226787BD005B186F /* main.swift */ = {isa = PBXFileReference; lastKnownFileType = sourcecode.swift; path = main.swift; sourceTree = "<group>"; };
		38A1351122767C9C002C09CE /* UserNotificationsSpec.swift */ = {isa = PBXFileReference; lastKnownFileType = sourcecode.swift; path = UserNotificationsSpec.swift; sourceTree = "<group>"; };
		38B367082268D1FB0009E42F /* BrightFutures.framework */ = {isa = PBXFileReference; lastKnownFileType = wrapper.framework; name = BrightFutures.framework; path = Carthage/Build/iOS/BrightFutures.framework; sourceTree = "<group>"; };
		38B3670A2268D20B0009E42F /* Charts.framework */ = {isa = PBXFileReference; lastKnownFileType = wrapper.framework; name = Charts.framework; path = Carthage/Build/iOS/Charts.framework; sourceTree = "<group>"; };
		38B3670C2268D22C0009E42F /* PureLayout.framework */ = {isa = PBXFileReference; lastKnownFileType = wrapper.framework; name = PureLayout.framework; path = Carthage/Build/iOS/PureLayout.framework; sourceTree = "<group>"; };
		38B3670E2268D2BD0009E42F /* Nimble.framework */ = {isa = PBXFileReference; lastKnownFileType = wrapper.framework; name = Nimble.framework; path = Carthage/Build/iOS/Nimble.framework; sourceTree = "<group>"; };
		38B367102268D2D10009E42F /* Quick.framework */ = {isa = PBXFileReference; lastKnownFileType = wrapper.framework; name = Quick.framework; path = Carthage/Build/iOS/Quick.framework; sourceTree = "<group>"; };
		38B367122268D2FD0009E42F /* Succinct.framework */ = {isa = PBXFileReference; lastKnownFileType = wrapper.framework; name = Succinct.framework; path = Carthage/Build/iOS/Succinct.framework; sourceTree = "<group>"; };
		38B3671F226931270009E42F /* InputViewControllerSpec.swift */ = {isa = PBXFileReference; lastKnownFileType = sourcecode.swift; path = InputViewControllerSpec.swift; sourceTree = "<group>"; };
		38B36721226931F40009E42F /* InputViewController.swift */ = {isa = PBXFileReference; lastKnownFileType = sourcecode.swift; path = InputViewController.swift; sourceTree = "<group>"; };
		38B367232269E3E80009E42F /* SpyRouter.swift */ = {isa = PBXFileReference; lastKnownFileType = sourcecode.swift; path = SpyRouter.swift; sourceTree = "<group>"; };
		38B367272269E7F30009E42F /* NavigationRouterSpec.swift */ = {isa = PBXFileReference; lastKnownFileType = sourcecode.swift; path = NavigationRouterSpec.swift; sourceTree = "<group>"; };
		38B36729226CA1430009E42F /* NavigationRouter.swift */ = {isa = PBXFileReference; lastKnownFileType = sourcecode.swift; path = NavigationRouter.swift; sourceTree = "<group>"; };
		38B3672B226CA2170009E42F /* ListViewController.swift */ = {isa = PBXFileReference; lastKnownFileType = sourcecode.swift; path = ListViewController.swift; sourceTree = "<group>"; };
		38B3672D226CA4340009E42F /* AppDelegateSpec.swift */ = {isa = PBXFileReference; lastKnownFileType = sourcecode.swift; path = AppDelegateSpec.swift; sourceTree = "<group>"; };
		38BE15992279367100F97649 /* StubWeightRepository.swift */ = {isa = PBXFileReference; lastKnownFileType = sourcecode.swift; path = StubWeightRepository.swift; sourceTree = "<group>"; };
/* End PBXFileReference section */

/* Begin PBXFrameworksBuildPhase section */
		381D4F8622720656009F7E53 /* Frameworks */ = {
			isa = PBXFrameworksBuildPhase;
			buildActionMask = 2147483647;
			files = (
				381103D02273133300A4D008 /* Nimble.framework in Frameworks */,
				381103D12273134300A4D008 /* Quick.framework in Frameworks */,
			);
			runOnlyForDeploymentPostprocessing = 0;
		};
		3891FD6E22678292005B186F /* Frameworks */ = {
			isa = PBXFrameworksBuildPhase;
			buildActionMask = 2147483647;
			files = (
				38B367092268D1FB0009E42F /* BrightFutures.framework in Frameworks */,
				38B3670B2268D20B0009E42F /* Charts.framework in Frameworks */,
				38B3670D2268D22C0009E42F /* PureLayout.framework in Frameworks */,
				381D4F84227204ED009F7E53 /* Realm.framework in Frameworks */,
				381D4F8222720391009F7E53 /* RealmSwift.framework in Frameworks */,
			);
			runOnlyForDeploymentPostprocessing = 0;
		};
		3891FD8222678294005B186F /* Frameworks */ = {
			isa = PBXFrameworksBuildPhase;
			buildActionMask = 2147483647;
			files = (
				38B3670F2268D2BD0009E42F /* Nimble.framework in Frameworks */,
				38B367112268D2D10009E42F /* Quick.framework in Frameworks */,
				38B367132268D2FD0009E42F /* Succinct.framework in Frameworks */,
			);
			runOnlyForDeploymentPostprocessing = 0;
		};
/* End PBXFrameworksBuildPhase section */

/* Begin PBXGroup section */
		381D4F8A22720656009F7E53 /* WeightScaleThirdPartyAPITests */ = {
			isa = PBXGroup;
			children = (
				381103D522731BDD00A4D008 /* ChartsSpec.swift */,
				381D4F8D22720656009F7E53 /* Info.plist */,
				381103D7227321DF00A4D008 /* RealmSpec.swift */,
				381103CE227311CB00A4D008 /* UserDefaultsSpec.swift */,
				38A1351122767C9C002C09CE /* UserNotificationsSpec.swift */,
			);
			path = WeightScaleThirdPartyAPITests;
			sourceTree = "<group>";
		};
		3891FD6822678292005B186F = {
			isa = PBXGroup;
			children = (
				38B367072268D1FB0009E42F /* Frameworks */,
				3891FD7222678292005B186F /* Products */,
				3891FD7322678292005B186F /* WeightScale */,
				3891FD8822678294005B186F /* WeightScaleTests */,
				381D4F8A22720656009F7E53 /* WeightScaleThirdPartyAPITests */,
			);
			sourceTree = "<group>";
		};
		3891FD7222678292005B186F /* Products */ = {
			isa = PBXGroup;
			children = (
				3891FD7122678292005B186F /* WeightScale.app */,
				3891FD8522678294005B186F /* WeightScaleTests.xctest */,
				381D4F8922720656009F7E53 /* WeightScaleThirdPartyAPITests.xctest */,
			);
			name = Products;
			sourceTree = "<group>";
		};
		3891FD7322678292005B186F /* WeightScale */ = {
			isa = PBXGroup;
			children = (
				38B3672F226CC66B0009E42F /* Application */,
				38B36730226CC6790009E42F /* UI */,
				38B36729226CA1430009E42F /* NavigationRouter.swift */,
			);
			path = WeightScale;
			sourceTree = "<group>";
		};
		3891FD8822678294005B186F /* WeightScaleTests */ = {
			isa = PBXGroup;
			children = (
				38B36732226CC6D30009E42F /* Application */,
				38B36731226CC6C30009E42F /* UI */,
				38B367272269E7F30009E42F /* NavigationRouterSpec.swift */,
				38B367232269E3E80009E42F /* SpyRouter.swift */,
			);
			path = WeightScaleTests;
			sourceTree = "<group>";
		};
		38B367072268D1FB0009E42F /* Frameworks */ = {
			isa = PBXGroup;
			children = (
				38B367082268D1FB0009E42F /* BrightFutures.framework */,
				38B3670A2268D20B0009E42F /* Charts.framework */,
				38B3670E2268D2BD0009E42F /* Nimble.framework */,
				38B3670C2268D22C0009E42F /* PureLayout.framework */,
				38B367102268D2D10009E42F /* Quick.framework */,
				381D4F83227204ED009F7E53 /* Realm.framework */,
				381D4F8122720391009F7E53 /* RealmSwift.framework */,
				38B367122268D2FD0009E42F /* Succinct.framework */,
			);
			name = Frameworks;
			sourceTree = "<group>";
		};
		38B3672F226CC66B0009E42F /* Application */ = {
			isa = PBXGroup;
			children = (
				3891FD7422678292005B186F /* AppDelegate.swift */,
				3891FD7B22678294005B186F /* Assets.xcassets */,
				3891FD8022678294005B186F /* Info.plist */,
				3891FD7D22678294005B186F /* LaunchScreen.storyboard */,
				3891FD94226787BD005B186F /* main.swift */,
			);
			path = Application;
			sourceTree = "<group>";
		};
		38B36730226CC6790009E42F /* UI */ = {
			isa = PBXGroup;
			children = (
				381D4F7C22711AA2009F7E53 /* GraphViewController.swift */,
				38B36721226931F40009E42F /* InputViewController.swift */,
				38B3672B226CA2170009E42F /* ListViewController.swift */,
				381D4F782270B28F009F7E53 /* SettingViewController.swift */,
			);
			path = UI;
			sourceTree = "<group>";
		};
		38B36731226CC6C30009E42F /* UI */ = {
			isa = PBXGroup;
			children = (
				381D4F7E22711E24009F7E53 /* GraphViewControllerSpec.swift */,
				38B3671F226931270009E42F /* InputViewControllerSpec.swift */,
				38149989226F4DA4001B2E71 /* ListViewControllerSpec.swift */,
				381D4F7A2270B628009F7E53 /* SettingViewControllerSpec.swift */,
				38BE15992279367100F97649 /* StubWeightRepository.swift */,
			);
			path = UI;
			sourceTree = "<group>";
		};
		38B36732226CC6D30009E42F /* Application */ = {
			isa = PBXGroup;
			children = (
				38B3672D226CA4340009E42F /* AppDelegateSpec.swift */,
				3891FD8B22678294005B186F /* Info.plist */,
			);
			path = Application;
			sourceTree = "<group>";
		};
/* End PBXGroup section */

/* Begin PBXNativeTarget section */
		381D4F8822720656009F7E53 /* WeightScaleThirdPartyAPITests */ = {
			isa = PBXNativeTarget;
			buildConfigurationList = 381D4F9222720656009F7E53 /* Build configuration list for PBXNativeTarget "WeightScaleThirdPartyAPITests" */;
			buildPhases = (
				381D4F8522720656009F7E53 /* Sources */,
				381D4F8622720656009F7E53 /* Frameworks */,
				381D4F8722720656009F7E53 /* Resources */,
				381103D22273134900A4D008 /* CopyFiles */,
			);
			buildRules = (
			);
			dependencies = (
				381D4F8F22720656009F7E53 /* PBXTargetDependency */,
			);
			name = WeightScaleThirdPartyAPITests;
			productName = WeightScaleThirdPartyAPITests;
			productReference = 381D4F8922720656009F7E53 /* WeightScaleThirdPartyAPITests.xctest */;
			productType = "com.apple.product-type.bundle.unit-test";
		};
		3891FD7022678292005B186F /* WeightScale */ = {
			isa = PBXNativeTarget;
			buildConfigurationList = 3891FD8E22678294005B186F /* Build configuration list for PBXNativeTarget "WeightScale" */;
			buildPhases = (
				3891FD6D22678292005B186F /* Sources */,
				3891FD6E22678292005B186F /* Frameworks */,
				3891FD6F22678292005B186F /* Resources */,
				38B367062268D1870009E42F /* ShellScript */,
			);
			buildRules = (
			);
			dependencies = (
			);
			name = WeightScale;
			productName = WeightScale;
			productReference = 3891FD7122678292005B186F /* WeightScale.app */;
			productType = "com.apple.product-type.application";
		};
		3891FD8422678294005B186F /* WeightScaleTests */ = {
			isa = PBXNativeTarget;
			buildConfigurationList = 3891FD9122678294005B186F /* Build configuration list for PBXNativeTarget "WeightScaleTests" */;
			buildPhases = (
				3891FD8122678294005B186F /* Sources */,
				3891FD8222678294005B186F /* Frameworks */,
				3891FD8322678294005B186F /* Resources */,
				38B367152268D4440009E42F /* CopyFiles */,
			);
			buildRules = (
			);
			dependencies = (
				3891FD8722678294005B186F /* PBXTargetDependency */,
			);
			name = WeightScaleTests;
			productName = WeightScaleTests;
			productReference = 3891FD8522678294005B186F /* WeightScaleTests.xctest */;
			productType = "com.apple.product-type.bundle.unit-test";
		};
/* End PBXNativeTarget section */

/* Begin PBXProject section */
		3891FD6922678292005B186F /* Project object */ = {
			isa = PBXProject;
			attributes = {
				LastSwiftUpdateCheck = 1020;
				LastUpgradeCheck = 1010;
				ORGANIZATIONNAME = "Ema Shinya";
				TargetAttributes = {
					381D4F8822720656009F7E53 = {
						CreatedOnToolsVersion = 10.2.1;
						TestTargetID = 3891FD7022678292005B186F;
					};
					3891FD7022678292005B186F = {
						CreatedOnToolsVersion = 10.1;
						LastSwiftMigration = 1020;
					};
					3891FD8422678294005B186F = {
						CreatedOnToolsVersion = 10.1;
						LastSwiftMigration = 1020;
						TestTargetID = 3891FD7022678292005B186F;
					};
				};
			};
			buildConfigurationList = 3891FD6C22678292005B186F /* Build configuration list for PBXProject "WeightScale" */;
			compatibilityVersion = "Xcode 9.3";
			developmentRegion = en;
			hasScannedForEncodings = 0;
			knownRegions = (
				en,
				Base,
			);
			mainGroup = 3891FD6822678292005B186F;
			productRefGroup = 3891FD7222678292005B186F /* Products */;
			projectDirPath = "";
			projectRoot = "";
			targets = (
				3891FD7022678292005B186F /* WeightScale */,
				3891FD8422678294005B186F /* WeightScaleTests */,
				381D4F8822720656009F7E53 /* WeightScaleThirdPartyAPITests */,
			);
		};
/* End PBXProject section */

/* Begin PBXResourcesBuildPhase section */
		381D4F8722720656009F7E53 /* Resources */ = {
			isa = PBXResourcesBuildPhase;
			buildActionMask = 2147483647;
			files = (
			);
			runOnlyForDeploymentPostprocessing = 0;
		};
		3891FD6F22678292005B186F /* Resources */ = {
			isa = PBXResourcesBuildPhase;
			buildActionMask = 2147483647;
			files = (
				3891FD7C22678294005B186F /* Assets.xcassets in Resources */,
				3891FD7F22678294005B186F /* LaunchScreen.storyboard in Resources */,
			);
			runOnlyForDeploymentPostprocessing = 0;
		};
		3891FD8322678294005B186F /* Resources */ = {
			isa = PBXResourcesBuildPhase;
			buildActionMask = 2147483647;
			files = (
			);
			runOnlyForDeploymentPostprocessing = 0;
		};
/* End PBXResourcesBuildPhase section */

/* Begin PBXShellScriptBuildPhase section */
		38B367062268D1870009E42F /* ShellScript */ = {
			isa = PBXShellScriptBuildPhase;
			buildActionMask = 2147483647;
			files = (
			);
			inputFileListPaths = (
			);
			inputPaths = (
				"$(SRCROOT)/Carthage/Build/iOS/BrightFutures.framework",
				"$(SRCROOT)/Carthage/Build/iOS/PureLayout.framework",
				"$(SRCROOT)/Carthage/Build/iOS/Charts.framework",
				"$(SRCROOT)/Carthage/Build/iOS/RealmSwift.framework",
				"$(SRCROOT)/Carthage/Build/iOS/Realm.framework",
			);
			outputFileListPaths = (
			);
			outputPaths = (
			);
			runOnlyForDeploymentPostprocessing = 0;
			shellPath = /bin/sh;
			shellScript = "/usr/local/bin/carthage copy-frameworks\n";
		};
/* End PBXShellScriptBuildPhase section */

/* Begin PBXSourcesBuildPhase section */
		381D4F8522720656009F7E53 /* Sources */ = {
			isa = PBXSourcesBuildPhase;
			buildActionMask = 2147483647;
			files = (
				381103D622731BDD00A4D008 /* ChartsSpec.swift in Sources */,
				381103D8227321DF00A4D008 /* RealmSpec.swift in Sources */,
				381103CF227311CB00A4D008 /* UserDefaultsSpec.swift in Sources */,
				38A1351222767C9C002C09CE /* UserNotificationsSpec.swift in Sources */,
			);
			runOnlyForDeploymentPostprocessing = 0;
		};
		3891FD6D22678292005B186F /* Sources */ = {
			isa = PBXSourcesBuildPhase;
			buildActionMask = 2147483647;
			files = (
				3891FD7522678292005B186F /* AppDelegate.swift in Sources */,
				381D4F7D22711AA2009F7E53 /* GraphViewController.swift in Sources */,
				38B36722226931F40009E42F /* InputViewController.swift in Sources */,
				38B3672C226CA2170009E42F /* ListViewController.swift in Sources */,
				3891FD95226787BD005B186F /* main.swift in Sources */,
				38B3672A226CA1440009E42F /* NavigationRouter.swift in Sources */,
				381D4F792270B28F009F7E53 /* SettingViewController.swift in Sources */,
			);
			runOnlyForDeploymentPostprocessing = 0;
		};
		3891FD8122678294005B186F /* Sources */ = {
			isa = PBXSourcesBuildPhase;
			buildActionMask = 2147483647;
			files = (
				38B3672E226CA4340009E42F /* AppDelegateSpec.swift in Sources */,
				381D4F7F22711E24009F7E53 /* GraphViewControllerSpec.swift in Sources */,
				38B36720226931270009E42F /* InputViewControllerSpec.swift in Sources */,
				3814998A226F4DA4001B2E71 /* ListViewControllerSpec.swift in Sources */,
				38B367282269E7F30009E42F /* NavigationRouterSpec.swift in Sources */,
				381D4F7B2270B628009F7E53 /* SettingViewControllerSpec.swift in Sources */,
				38B367242269E3E80009E42F /* SpyRouter.swift in Sources */,
				38BE159A2279367100F97649 /* StubWeightRepository.swift in Sources */,
			);
			runOnlyForDeploymentPostprocessing = 0;
		};
/* End PBXSourcesBuildPhase section */

/* Begin PBXTargetDependency section */
		381D4F8F22720656009F7E53 /* PBXTargetDependency */ = {
			isa = PBXTargetDependency;
			target = 3891FD7022678292005B186F /* WeightScale */;
			targetProxy = 381D4F8E22720656009F7E53 /* PBXContainerItemProxy */;
		};
		3891FD8722678294005B186F /* PBXTargetDependency */ = {
			isa = PBXTargetDependency;
			target = 3891FD7022678292005B186F /* WeightScale */;
			targetProxy = 3891FD8622678294005B186F /* PBXContainerItemProxy */;
		};
/* End PBXTargetDependency section */

/* Begin PBXVariantGroup section */
		3891FD7D22678294005B186F /* LaunchScreen.storyboard */ = {
			isa = PBXVariantGroup;
			children = (
				3891FD7E22678294005B186F /* Base */,
			);
			name = LaunchScreen.storyboard;
			sourceTree = "<group>";
		};
/* End PBXVariantGroup section */

/* Begin XCBuildConfiguration section */
		381D4F9022720656009F7E53 /* Debug */ = {
			isa = XCBuildConfiguration;
			buildSettings = {
				BUNDLE_LOADER = "$(TEST_HOST)";
				CODE_SIGN_STYLE = Automatic;
				DEVELOPMENT_TEAM = UUD4WPFJTD;
				FRAMEWORK_SEARCH_PATHS = (
					"$(inherited)",
					"$(PROJECT_DIR)/Carthage/Build/iOS",
				);
				INFOPLIST_FILE = WeightScaleThirdPartyAPITests/Info.plist;
				IPHONEOS_DEPLOYMENT_TARGET = 12.2;
				LD_RUNPATH_SEARCH_PATHS = (
					"$(inherited)",
					"@executable_path/Frameworks",
					"@loader_path/Frameworks",
				);
				PRODUCT_BUNDLE_IDENTIFIER = jp.ema.WeightScaleThirdPartyAPITests;
				PRODUCT_NAME = "$(TARGET_NAME)";
				SWIFT_VERSION = 5.0;
				TARGETED_DEVICE_FAMILY = "1,2";
				TEST_HOST = "$(BUILT_PRODUCTS_DIR)/WeightScale.app/WeightScale";
			};
			name = Debug;
		};
		381D4F9122720656009F7E53 /* Release */ = {
			isa = XCBuildConfiguration;
			buildSettings = {
				BUNDLE_LOADER = "$(TEST_HOST)";
				CODE_SIGN_STYLE = Automatic;
				DEVELOPMENT_TEAM = UUD4WPFJTD;
				FRAMEWORK_SEARCH_PATHS = (
					"$(inherited)",
					"$(PROJECT_DIR)/Carthage/Build/iOS",
				);
				INFOPLIST_FILE = WeightScaleThirdPartyAPITests/Info.plist;
				IPHONEOS_DEPLOYMENT_TARGET = 12.2;
				LD_RUNPATH_SEARCH_PATHS = (
					"$(inherited)",
					"@executable_path/Frameworks",
					"@loader_path/Frameworks",
				);
				PRODUCT_BUNDLE_IDENTIFIER = jp.ema.WeightScaleThirdPartyAPITests;
				PRODUCT_NAME = "$(TARGET_NAME)";
				SWIFT_VERSION = 5.0;
				TARGETED_DEVICE_FAMILY = "1,2";
				TEST_HOST = "$(BUILT_PRODUCTS_DIR)/WeightScale.app/WeightScale";
			};
			name = Release;
		};
		3891FD8C22678294005B186F /* Debug */ = {
			isa = XCBuildConfiguration;
			buildSettings = {
				ALWAYS_SEARCH_USER_PATHS = NO;
				CLANG_ANALYZER_NONNULL = YES;
				CLANG_ANALYZER_NUMBER_OBJECT_CONVERSION = YES_AGGRESSIVE;
				CLANG_CXX_LANGUAGE_STANDARD = "gnu++14";
				CLANG_CXX_LIBRARY = "libc++";
				CLANG_ENABLE_MODULES = YES;
				CLANG_ENABLE_OBJC_ARC = YES;
				CLANG_ENABLE_OBJC_WEAK = YES;
				CLANG_WARN_BLOCK_CAPTURE_AUTORELEASING = YES;
				CLANG_WARN_BOOL_CONVERSION = YES;
				CLANG_WARN_COMMA = YES;
				CLANG_WARN_CONSTANT_CONVERSION = YES;
				CLANG_WARN_DEPRECATED_OBJC_IMPLEMENTATIONS = YES;
				CLANG_WARN_DIRECT_OBJC_ISA_USAGE = YES_ERROR;
				CLANG_WARN_DOCUMENTATION_COMMENTS = YES;
				CLANG_WARN_EMPTY_BODY = YES;
				CLANG_WARN_ENUM_CONVERSION = YES;
				CLANG_WARN_INFINITE_RECURSION = YES;
				CLANG_WARN_INT_CONVERSION = YES;
				CLANG_WARN_NON_LITERAL_NULL_CONVERSION = YES;
				CLANG_WARN_OBJC_IMPLICIT_RETAIN_SELF = YES;
				CLANG_WARN_OBJC_LITERAL_CONVERSION = YES;
				CLANG_WARN_OBJC_ROOT_CLASS = YES_ERROR;
				CLANG_WARN_RANGE_LOOP_ANALYSIS = YES;
				CLANG_WARN_STRICT_PROTOTYPES = YES;
				CLANG_WARN_SUSPICIOUS_MOVE = YES;
				CLANG_WARN_UNGUARDED_AVAILABILITY = YES_AGGRESSIVE;
				CLANG_WARN_UNREACHABLE_CODE = YES;
				CLANG_WARN__DUPLICATE_METHOD_MATCH = YES;
				CODE_SIGN_IDENTITY = "iPhone Developer";
				COPY_PHASE_STRIP = NO;
				DEBUG_INFORMATION_FORMAT = dwarf;
				ENABLE_STRICT_OBJC_MSGSEND = YES;
				ENABLE_TESTABILITY = YES;
				GCC_C_LANGUAGE_STANDARD = gnu11;
				GCC_DYNAMIC_NO_PIC = NO;
				GCC_NO_COMMON_BLOCKS = YES;
				GCC_OPTIMIZATION_LEVEL = 0;
				GCC_PREPROCESSOR_DEFINITIONS = (
					"DEBUG=1",
					"$(inherited)",
				);
				GCC_WARN_64_TO_32_BIT_CONVERSION = YES;
				GCC_WARN_ABOUT_RETURN_TYPE = YES_ERROR;
				GCC_WARN_UNDECLARED_SELECTOR = YES;
				GCC_WARN_UNINITIALIZED_AUTOS = YES_AGGRESSIVE;
				GCC_WARN_UNUSED_FUNCTION = YES;
				GCC_WARN_UNUSED_VARIABLE = YES;
				IPHONEOS_DEPLOYMENT_TARGET = 12.1;
				MTL_ENABLE_DEBUG_INFO = INCLUDE_SOURCE;
				MTL_FAST_MATH = YES;
				ONLY_ACTIVE_ARCH = YES;
				SDKROOT = iphoneos;
				SWIFT_ACTIVE_COMPILATION_CONDITIONS = DEBUG;
				SWIFT_OPTIMIZATION_LEVEL = "-Onone";
			};
			name = Debug;
		};
		3891FD8D22678294005B186F /* Release */ = {
			isa = XCBuildConfiguration;
			buildSettings = {
				ALWAYS_SEARCH_USER_PATHS = NO;
				CLANG_ANALYZER_NONNULL = YES;
				CLANG_ANALYZER_NUMBER_OBJECT_CONVERSION = YES_AGGRESSIVE;
				CLANG_CXX_LANGUAGE_STANDARD = "gnu++14";
				CLANG_CXX_LIBRARY = "libc++";
				CLANG_ENABLE_MODULES = YES;
				CLANG_ENABLE_OBJC_ARC = YES;
				CLANG_ENABLE_OBJC_WEAK = YES;
				CLANG_WARN_BLOCK_CAPTURE_AUTORELEASING = YES;
				CLANG_WARN_BOOL_CONVERSION = YES;
				CLANG_WARN_COMMA = YES;
				CLANG_WARN_CONSTANT_CONVERSION = YES;
				CLANG_WARN_DEPRECATED_OBJC_IMPLEMENTATIONS = YES;
				CLANG_WARN_DIRECT_OBJC_ISA_USAGE = YES_ERROR;
				CLANG_WARN_DOCUMENTATION_COMMENTS = YES;
				CLANG_WARN_EMPTY_BODY = YES;
				CLANG_WARN_ENUM_CONVERSION = YES;
				CLANG_WARN_INFINITE_RECURSION = YES;
				CLANG_WARN_INT_CONVERSION = YES;
				CLANG_WARN_NON_LITERAL_NULL_CONVERSION = YES;
				CLANG_WARN_OBJC_IMPLICIT_RETAIN_SELF = YES;
				CLANG_WARN_OBJC_LITERAL_CONVERSION = YES;
				CLANG_WARN_OBJC_ROOT_CLASS = YES_ERROR;
				CLANG_WARN_RANGE_LOOP_ANALYSIS = YES;
				CLANG_WARN_STRICT_PROTOTYPES = YES;
				CLANG_WARN_SUSPICIOUS_MOVE = YES;
				CLANG_WARN_UNGUARDED_AVAILABILITY = YES_AGGRESSIVE;
				CLANG_WARN_UNREACHABLE_CODE = YES;
				CLANG_WARN__DUPLICATE_METHOD_MATCH = YES;
				CODE_SIGN_IDENTITY = "iPhone Developer";
				COPY_PHASE_STRIP = NO;
				DEBUG_INFORMATION_FORMAT = "dwarf-with-dsym";
				ENABLE_NS_ASSERTIONS = NO;
				ENABLE_STRICT_OBJC_MSGSEND = YES;
				GCC_C_LANGUAGE_STANDARD = gnu11;
				GCC_NO_COMMON_BLOCKS = YES;
				GCC_WARN_64_TO_32_BIT_CONVERSION = YES;
				GCC_WARN_ABOUT_RETURN_TYPE = YES_ERROR;
				GCC_WARN_UNDECLARED_SELECTOR = YES;
				GCC_WARN_UNINITIALIZED_AUTOS = YES_AGGRESSIVE;
				GCC_WARN_UNUSED_FUNCTION = YES;
				GCC_WARN_UNUSED_VARIABLE = YES;
				IPHONEOS_DEPLOYMENT_TARGET = 12.1;
				MTL_ENABLE_DEBUG_INFO = NO;
				MTL_FAST_MATH = YES;
				SDKROOT = iphoneos;
				SWIFT_COMPILATION_MODE = wholemodule;
				SWIFT_OPTIMIZATION_LEVEL = "-O";
				VALIDATE_PRODUCT = YES;
			};
			name = Release;
		};
		3891FD8F22678294005B186F /* Debug */ = {
			isa = XCBuildConfiguration;
			buildSettings = {
				ASSETCATALOG_COMPILER_APPICON_NAME = AppIcon;
				CODE_SIGN_STYLE = Automatic;
				CURRENT_PROJECT_VERSION = 8;
				DEVELOPMENT_TEAM = UUD4WPFJTD;
				FRAMEWORK_SEARCH_PATHS = (
					"$(inherited)",
					"$(PROJECT_DIR)/Carthage/Build/iOS",
				);
				INFOPLIST_FILE = WeightScale/Application/Info.plist;
				LD_RUNPATH_SEARCH_PATHS = (
					"$(inherited)",
					"@executable_path/Frameworks",
				);
				PRODUCT_BUNDLE_IDENTIFIER = jp.ema.WeightScale;
				PRODUCT_NAME = "$(TARGET_NAME)";
				SWIFT_VERSION = 5.0;
				TARGETED_DEVICE_FAMILY = "1,2";
				VERSIONING_SYSTEM = "apple-generic";
			};
			name = Debug;
		};
		3891FD9022678294005B186F /* Release */ = {
			isa = XCBuildConfiguration;
			buildSettings = {
				ASSETCATALOG_COMPILER_APPICON_NAME = AppIcon;
				CODE_SIGN_STYLE = Automatic;
				CURRENT_PROJECT_VERSION = 8;
				DEVELOPMENT_TEAM = UUD4WPFJTD;
				FRAMEWORK_SEARCH_PATHS = (
					"$(inherited)",
					"$(PROJECT_DIR)/Carthage/Build/iOS",
				);
				INFOPLIST_FILE = WeightScale/Application/Info.plist;
				LD_RUNPATH_SEARCH_PATHS = (
					"$(inherited)",
					"@executable_path/Frameworks",
				);
				PRODUCT_BUNDLE_IDENTIFIER = jp.ema.WeightScale;
				PRODUCT_NAME = "$(TARGET_NAME)";
				SWIFT_VERSION = 5.0;
				TARGETED_DEVICE_FAMILY = "1,2";
				VERSIONING_SYSTEM = "apple-generic";
			};
			name = Release;
		};
		3891FD9222678294005B186F /* Debug */ = {
			isa = XCBuildConfiguration;
			buildSettings = {
				ALWAYS_EMBED_SWIFT_STANDARD_LIBRARIES = YES;
				BUNDLE_LOADER = "$(TEST_HOST)";
				CODE_SIGN_STYLE = Automatic;
				DEVELOPMENT_TEAM = UUD4WPFJTD;
				FRAMEWORK_SEARCH_PATHS = (
					"$(inherited)",
					"$(PROJECT_DIR)/Carthage/Build/iOS",
				);
				INFOPLIST_FILE = WeightScaleTests/Application/Info.plist;
				LD_RUNPATH_SEARCH_PATHS = (
					"$(inherited)",
					"@executable_path/Frameworks",
					"@loader_path/Frameworks",
				);
				PRODUCT_BUNDLE_IDENTIFIER = jp.ema.WeightScaleTests;
				PRODUCT_NAME = "$(TARGET_NAME)";
				SWIFT_VERSION = 5.0;
				TARGETED_DEVICE_FAMILY = "1,2";
				TEST_HOST = "$(BUILT_PRODUCTS_DIR)/WeightScale.app/WeightScale";
			};
			name = Debug;
		};
		3891FD9322678294005B186F /* Release */ = {
			isa = XCBuildConfiguration;
			buildSettings = {
				ALWAYS_EMBED_SWIFT_STANDARD_LIBRARIES = YES;
				BUNDLE_LOADER = "$(TEST_HOST)";
				CODE_SIGN_STYLE = Automatic;
				DEVELOPMENT_TEAM = UUD4WPFJTD;
				FRAMEWORK_SEARCH_PATHS = (
					"$(inherited)",
					"$(PROJECT_DIR)/Carthage/Build/iOS",
				);
				INFOPLIST_FILE = WeightScaleTests/Application/Info.plist;
				LD_RUNPATH_SEARCH_PATHS = (
					"$(inherited)",
					"@executable_path/Frameworks",
					"@loader_path/Frameworks",
				);
				PRODUCT_BUNDLE_IDENTIFIER = jp.ema.WeightScaleTests;
				PRODUCT_NAME = "$(TARGET_NAME)";
				SWIFT_VERSION = 5.0;
				TARGETED_DEVICE_FAMILY = "1,2";
				TEST_HOST = "$(BUILT_PRODUCTS_DIR)/WeightScale.app/WeightScale";
			};
			name = Release;
		};
/* End XCBuildConfiguration section */

/* Begin XCConfigurationList section */
		381D4F9222720656009F7E53 /* Build configuration list for PBXNativeTarget "WeightScaleThirdPartyAPITests" */ = {
			isa = XCConfigurationList;
			buildConfigurations = (
				381D4F9022720656009F7E53 /* Debug */,
				381D4F9122720656009F7E53 /* Release */,
			);
			defaultConfigurationIsVisible = 0;
			defaultConfigurationName = Release;
		};
		3891FD6C22678292005B186F /* Build configuration list for PBXProject "WeightScale" */ = {
			isa = XCConfigurationList;
			buildConfigurations = (
				3891FD8C22678294005B186F /* Debug */,
				3891FD8D22678294005B186F /* Release */,
			);
			defaultConfigurationIsVisible = 0;
			defaultConfigurationName = Release;
		};
		3891FD8E22678294005B186F /* Build configuration list for PBXNativeTarget "WeightScale" */ = {
			isa = XCConfigurationList;
			buildConfigurations = (
				3891FD8F22678294005B186F /* Debug */,
				3891FD9022678294005B186F /* Release */,
			);
			defaultConfigurationIsVisible = 0;
			defaultConfigurationName = Release;
		};
		3891FD9122678294005B186F /* Build configuration list for PBXNativeTarget "WeightScaleTests" */ = {
			isa = XCConfigurationList;
			buildConfigurations = (
				3891FD9222678294005B186F /* Debug */,
				3891FD9322678294005B186F /* Release */,
			);
			defaultConfigurationIsVisible = 0;
			defaultConfigurationName = Release;
		};
/* End XCConfigurationList section */
	};
	rootObject = 3891FD6922678292005B186F /* Project object */;
}
