// !$*UTF8*$!
{
	archiveVersion = 1;
	classes = {
	};
	objectVersion = 51;
	objects = {

/* Begin PBXBuildFile section */
		10A51EFA8C7C4E3DB87507D5 /* Pods_WeightScale.framework in Frameworks */ = {isa = PBXBuildFile; fileRef = 49A7E12036D978860C5C1E6A /* Pods_WeightScale.framework */; };
		381103CF227311CB00A4D008 /* UserDefaultsSpec.swift in Sources */ = {isa = PBXBuildFile; fileRef = 381103CE227311CB00A4D008 /* UserDefaultsSpec.swift */; };
		381103D622731BDD00A4D008 /* ChartsSpec.swift in Sources */ = {isa = PBXBuildFile; fileRef = 381103D522731BDD00A4D008 /* ChartsSpec.swift */; };
		381103D8227321DF00A4D008 /* RealmSpec.swift in Sources */ = {isa = PBXBuildFile; fileRef = 381103D7227321DF00A4D008 /* RealmSpec.swift */; };
		3811AE7B25D15E8700DD3326 /* GoogleService-Info.plist in Resources */ = {isa = PBXBuildFile; fileRef = 3811AE7A25D15E8700DD3326 /* GoogleService-Info.plist */; };
		3814998A226F4DA4001B2E71 /* ListViewControllerSpec.swift in Sources */ = {isa = PBXBuildFile; fileRef = 38149989226F4DA4001B2E71 /* ListViewControllerSpec.swift */; };
		381D4F792270B28F009F7E53 /* SettingViewController.swift in Sources */ = {isa = PBXBuildFile; fileRef = 381D4F782270B28F009F7E53 /* SettingViewController.swift */; };
		381D4F7B2270B628009F7E53 /* SettingViewControllerSpec.swift in Sources */ = {isa = PBXBuildFile; fileRef = 381D4F7A2270B628009F7E53 /* SettingViewControllerSpec.swift */; };
		381D4F7D22711AA2009F7E53 /* GraphViewController.swift in Sources */ = {isa = PBXBuildFile; fileRef = 381D4F7C22711AA2009F7E53 /* GraphViewController.swift */; };
		381D4F7F22711E24009F7E53 /* GraphViewControllerSpec.swift in Sources */ = {isa = PBXBuildFile; fileRef = 381D4F7E22711E24009F7E53 /* GraphViewControllerSpec.swift */; };
		3828369E22884EB1009AB799 /* InputVC+UIPickerViewDelegate.swift in Sources */ = {isa = PBXBuildFile; fileRef = 3828369D22884EB1009AB799 /* InputVC+UIPickerViewDelegate.swift */; };
		382836A022884EC1009AB799 /* InputVC+UIPickerViewDataSource.swift in Sources */ = {isa = PBXBuildFile; fileRef = 3828369F22884EC1009AB799 /* InputVC+UIPickerViewDataSource.swift */; };
		382836A222898A24009AB799 /* TemplateView.swift in Sources */ = {isa = PBXBuildFile; fileRef = 382836A122898A24009AB799 /* TemplateView.swift */; };
		382836A422898BCF009AB799 /* PersonalSettingsSectionView.swift in Sources */ = {isa = PBXBuildFile; fileRef = 382836A322898BCF009AB799 /* PersonalSettingsSectionView.swift */; };
		382836A62289947B009AB799 /* NotificationSectionView.swift in Sources */ = {isa = PBXBuildFile; fileRef = 382836A52289947B009AB799 /* NotificationSectionView.swift */; };
		382A531E22BF50E600ED36E2 /* StubNotificationSwitchStatusRepository.swift in Sources */ = {isa = PBXBuildFile; fileRef = 382A531D22BF50E600ED36E2 /* StubNotificationSwitchStatusRepository.swift */; };
		382A532222C2645000ED36E2 /* LocalNotificationSwitchValueRepository.swift in Sources */ = {isa = PBXBuildFile; fileRef = 382A532122C2645000ED36E2 /* LocalNotificationSwitchValueRepository.swift */; };
		382A532522C4EC6200ED36E2 /* LocalNotificationSwitchValueRepositorySpec.swift in Sources */ = {isa = PBXBuildFile; fileRef = 382A532422C4EC6200ED36E2 /* LocalNotificationSwitchValueRepositorySpec.swift */; };
		386BDC0722DC1F15002132B5 /* StubNotificationTimeRepository.swift in Sources */ = {isa = PBXBuildFile; fileRef = 386BDC0622DC1F15002132B5 /* StubNotificationTimeRepository.swift */; };
		386BDC0922DC425A002132B5 /* LocalNotificationTimeRepositorySpec.swift in Sources */ = {isa = PBXBuildFile; fileRef = 386BDC0822DC425A002132B5 /* LocalNotificationTimeRepositorySpec.swift */; };
		386BDC0B22DC4383002132B5 /* LocalNotificationTimeRepository.swift in Sources */ = {isa = PBXBuildFile; fileRef = 386BDC0A22DC4383002132B5 /* LocalNotificationTimeRepository.swift */; };
		3872F24A25CFB8A40005D91A /* KeyManager.swift in Sources */ = {isa = PBXBuildFile; fileRef = 3872F24925CFB8A40005D91A /* KeyManager.swift */; };
		3872F24F25CFB8D00005D91A /* Keys.plist in Resources */ = {isa = PBXBuildFile; fileRef = 3872F24E25CFB8D00005D91A /* Keys.plist */; };
		3891FD7522678292005B186F /* AppDelegate.swift in Sources */ = {isa = PBXBuildFile; fileRef = 3891FD7422678292005B186F /* AppDelegate.swift */; };
		3891FD7C22678294005B186F /* Assets.xcassets in Resources */ = {isa = PBXBuildFile; fileRef = 3891FD7B22678294005B186F /* Assets.xcassets */; };
		3891FD7F22678294005B186F /* LaunchScreen.storyboard in Resources */ = {isa = PBXBuildFile; fileRef = 3891FD7D22678294005B186F /* LaunchScreen.storyboard */; };
		3891FD95226787BD005B186F /* main.swift in Sources */ = {isa = PBXBuildFile; fileRef = 3891FD94226787BD005B186F /* main.swift */; };
		3895EE91229EC3D300FD1CD0 /* StubNotificationSender.swift in Sources */ = {isa = PBXBuildFile; fileRef = 3895EE90229EC3D300FD1CD0 /* StubNotificationSender.swift */; };
		3895EE9422A0167300FD1CD0 /* LocalNotificationSender.swift in Sources */ = {isa = PBXBuildFile; fileRef = 3895EE9322A0167300FD1CD0 /* LocalNotificationSender.swift */; };
		3898691922899E65002D9A38 /* UIColor+Style.swift in Sources */ = {isa = PBXBuildFile; fileRef = 3898691822899E65002D9A38 /* UIColor+Style.swift */; };
		3898691B2289A583002D9A38 /* UINavigationBar+ApplyStyle.swift in Sources */ = {isa = PBXBuildFile; fileRef = 3898691A2289A583002D9A38 /* UINavigationBar+ApplyStyle.swift */; };
		3898691E228A2336002D9A38 /* RealmGenerator.swift in Sources */ = {isa = PBXBuildFile; fileRef = 3898691D228A2336002D9A38 /* RealmGenerator.swift */; };
		38986920228A2C89002D9A38 /* UserDefaultsGenerator.swift in Sources */ = {isa = PBXBuildFile; fileRef = 3898691F228A2C89002D9A38 /* UserDefaultsGenerator.swift */; };
		38986922228AF875002D9A38 /* UIFont+Style.swift in Sources */ = {isa = PBXBuildFile; fileRef = 38986921228AF875002D9A38 /* UIFont+Style.swift */; };
		38986924228B063C002D9A38 /* UITabBar+ApplyStyle.swift in Sources */ = {isa = PBXBuildFile; fileRef = 38986923228B063C002D9A38 /* UITabBar+ApplyStyle.swift */; };
		38986926228B752B002D9A38 /* WeightChartView.swift in Sources */ = {isa = PBXBuildFile; fileRef = 38986925228B752B002D9A38 /* WeightChartView.swift */; };
		38A1351222767C9C002C09CE /* UserNotificationsSpec.swift in Sources */ = {isa = PBXBuildFile; fileRef = 38A1351122767C9C002C09CE /* UserNotificationsSpec.swift */; };
		38B36720226931270009E42F /* InputViewControllerSpec.swift in Sources */ = {isa = PBXBuildFile; fileRef = 38B3671F226931270009E42F /* InputViewControllerSpec.swift */; };
		38B36722226931F40009E42F /* InputViewController.swift in Sources */ = {isa = PBXBuildFile; fileRef = 38B36721226931F40009E42F /* InputViewController.swift */; };
		38B367242269E3E80009E42F /* SpyRouter.swift in Sources */ = {isa = PBXBuildFile; fileRef = 38B367232269E3E80009E42F /* SpyRouter.swift */; };
		38B367282269E7F30009E42F /* NavigationRouterSpec.swift in Sources */ = {isa = PBXBuildFile; fileRef = 38B367272269E7F30009E42F /* NavigationRouterSpec.swift */; };
		38B3672A226CA1440009E42F /* NavigationRouter.swift in Sources */ = {isa = PBXBuildFile; fileRef = 38B36729226CA1430009E42F /* NavigationRouter.swift */; };
		38B3672C226CA2170009E42F /* ListViewController.swift in Sources */ = {isa = PBXBuildFile; fileRef = 38B3672B226CA2170009E42F /* ListViewController.swift */; };
		38B3672E226CA4340009E42F /* AppDelegateSpec.swift in Sources */ = {isa = PBXBuildFile; fileRef = 38B3672D226CA4340009E42F /* AppDelegateSpec.swift */; };
		38BE159A2279367100F97649 /* StubWeightRepository.swift in Sources */ = {isa = PBXBuildFile; fileRef = 38BE15992279367100F97649 /* StubWeightRepository.swift */; };
		38BE159D22793F0A00F97649 /* LocalWeightRepositorySpec.swift in Sources */ = {isa = PBXBuildFile; fileRef = 38BE159C22793F0A00F97649 /* LocalWeightRepositorySpec.swift */; };
		38BE15A022793F8800F97649 /* LocalWeightRepository.swift in Sources */ = {isa = PBXBuildFile; fileRef = 38BE159F22793F8800F97649 /* LocalWeightRepository.swift */; };
		38BE15A2227974DC00F97649 /* StubRealmWrapper.swift in Sources */ = {isa = PBXBuildFile; fileRef = 38BE15A1227974DC00F97649 /* StubRealmWrapper.swift */; };
		38BE15A422797B0400F97649 /* LocalRealmWrapper.swift in Sources */ = {isa = PBXBuildFile; fileRef = 38BE15A322797B0400F97649 /* LocalRealmWrapper.swift */; };
		38BE15A6227A5E4800F97649 /* TemplateViewController.swift in Sources */ = {isa = PBXBuildFile; fileRef = 38BE15A5227A5E4800F97649 /* TemplateViewController.swift */; };
		38BE15B1227ACE9200F97649 /* WeightListTableViewCell.swift in Sources */ = {isa = PBXBuildFile; fileRef = 38BE15B0227ACE9200F97649 /* WeightListTableViewCell.swift */; };
		38BE15B4227AD25F00F97649 /* UIView+LineChartView.swift in Sources */ = {isa = PBXBuildFile; fileRef = 38BE15B3227AD25F00F97649 /* UIView+LineChartView.swift */; };
		38BE15B6227AD29C00F97649 /* UIViewController+LineChartView.swift in Sources */ = {isa = PBXBuildFile; fileRef = 38BE15B5227AD29C00F97649 /* UIViewController+LineChartView.swift */; };
		38BE15B8227AD39200F97649 /* UITabBarController+selectTab.swift in Sources */ = {isa = PBXBuildFile; fileRef = 38BE15B7227AD39200F97649 /* UITabBarController+selectTab.swift */; };
		38BE15BA227AD3F200F97649 /* UITabBarController+displayedTab.swift in Sources */ = {isa = PBXBuildFile; fileRef = 38BE15B9227AD3F200F97649 /* UITabBarController+displayedTab.swift */; };
		38BE15BF227AD58F00F97649 /* UIImage+AssetIdentifier.swift in Sources */ = {isa = PBXBuildFile; fileRef = 38BE15BE227AD58F00F97649 /* UIImage+AssetIdentifier.swift */; };
		38BE15C1227AD60F00F97649 /* WeightData.swift in Sources */ = {isa = PBXBuildFile; fileRef = 38BE15C0227AD60F00F97649 /* WeightData.swift */; };
		38BE15C4227AD6F000F97649 /* WeightTest.swift in Sources */ = {isa = PBXBuildFile; fileRef = 38BE15C3227AD6F000F97649 /* WeightTest.swift */; };
		38BE15C7227EA00200F97649 /* UIView+UIBarButtonItem.swift in Sources */ = {isa = PBXBuildFile; fileRef = 38BE15C6227EA00200F97649 /* UIView+UIBarButtonItem.swift */; };
		38BE15C9227EA06F00F97649 /* WeightPickerView.swift in Sources */ = {isa = PBXBuildFile; fileRef = 38BE15C8227EA06F00F97649 /* WeightPickerView.swift */; };
		38BE15CC227EAB2D00F97649 /* StubTargetWeightRepository.swift in Sources */ = {isa = PBXBuildFile; fileRef = 38BE15CB227EAB2D00F97649 /* StubTargetWeightRepository.swift */; };
		38BE15CE227EAE9C00F97649 /* LocalTargetWeightRepositorySpec.swift in Sources */ = {isa = PBXBuildFile; fileRef = 38BE15CD227EAE9C00F97649 /* LocalTargetWeightRepositorySpec.swift */; };
		38BE15D0227EAF9800F97649 /* StubUserDefaultsWrapper.swift in Sources */ = {isa = PBXBuildFile; fileRef = 38BE15CF227EAF9800F97649 /* StubUserDefaultsWrapper.swift */; };
		38BE15D3227EAFC500F97649 /* LocalTargetWeightRepository.swift in Sources */ = {isa = PBXBuildFile; fileRef = 38BE15D2227EAFC500F97649 /* LocalTargetWeightRepository.swift */; };
		38BE15D5227ECA6D00F97649 /* LocalUserDefaultsWrapper.swift in Sources */ = {isa = PBXBuildFile; fileRef = 38BE15D4227ECA6D00F97649 /* LocalUserDefaultsWrapper.swift */; };
		38BE15D72285903200F97649 /* RunLoop+advance.swift in Sources */ = {isa = PBXBuildFile; fileRef = 38BE15D62285903200F97649 /* RunLoop+advance.swift */; };
		38BE15DA2285C40F00F97649 /* DateManager.swift in Sources */ = {isa = PBXBuildFile; fileRef = 38BE15D92285C40F00F97649 /* DateManager.swift */; };
		38BE15DC22882A3D00F97649 /* SettingVC+UIPickerViewDelegate.swift in Sources */ = {isa = PBXBuildFile; fileRef = 38BE15DB22882A3D00F97649 /* SettingVC+UIPickerViewDelegate.swift */; };
		38BE15DE22882AB600F97649 /* SettingVC+UIPickerViewDataSource.swift in Sources */ = {isa = PBXBuildFile; fileRef = 38BE15DD22882AB600F97649 /* SettingVC+UIPickerViewDataSource.swift */; };
		38E2C9B7228C3EAF005CC530 /* UIButton+ApplyStyle.swift in Sources */ = {isa = PBXBuildFile; fileRef = 38E2C9B6228C3EAF005CC530 /* UIButton+ApplyStyle.swift */; };
		38E2C9B9228CC585005CC530 /* UILabel+ApplyStyle.swift in Sources */ = {isa = PBXBuildFile; fileRef = 38E2C9B8228CC584005CC530 /* UILabel+ApplyStyle.swift */; };
		38E2C9BB228CC7EC005CC530 /* UITextField+ApplyStyle.swift in Sources */ = {isa = PBXBuildFile; fileRef = 38E2C9BA228CC7EC005CC530 /* UITextField+ApplyStyle.swift */; };
		50E9CA696629E3893879118B /* Pods_WeightScaleTests.framework in Frameworks */ = {isa = PBXBuildFile; fileRef = A5F255251DE4DAA722CF6E58 /* Pods_WeightScaleTests.framework */; };
		938DAB3922916CE100E4A2D3 /* TargetWeightView.swift in Sources */ = {isa = PBXBuildFile; fileRef = 938DAB3822916CE100E4A2D3 /* TargetWeightView.swift */; };
		C4D002FB745FE38DD9A3CD63 /* Pods_WeightScaleThirdPartyAPITests.framework in Frameworks */ = {isa = PBXBuildFile; fileRef = DE07A11B0A42DA584FDA3D89 /* Pods_WeightScaleThirdPartyAPITests.framework */; };
/* End PBXBuildFile section */

/* Begin PBXContainerItemProxy section */
		381D4F8E22720656009F7E53 /* PBXContainerItemProxy */ = {
			isa = PBXContainerItemProxy;
			containerPortal = 3891FD6922678292005B186F /* Project object */;
			proxyType = 1;
			remoteGlobalIDString = 3891FD7022678292005B186F;
			remoteInfo = WeightScale;
		};
		3891FD8622678294005B186F /* PBXContainerItemProxy */ = {
			isa = PBXContainerItemProxy;
			containerPortal = 3891FD6922678292005B186F /* Project object */;
			proxyType = 1;
			remoteGlobalIDString = 3891FD7022678292005B186F;
			remoteInfo = WeightScale;
		};
/* End PBXContainerItemProxy section */

/* Begin PBXFileReference section */
		07CDECA49FD5BE95EE9842F2 /* Pods-WeightScaleThirdPartyAPITests.debug.xcconfig */ = {isa = PBXFileReference; includeInIndex = 1; lastKnownFileType = text.xcconfig; name = "Pods-WeightScaleThirdPartyAPITests.debug.xcconfig"; path = "Target Support Files/Pods-WeightScaleThirdPartyAPITests/Pods-WeightScaleThirdPartyAPITests.debug.xcconfig"; sourceTree = "<group>"; };
		1A1ACA608E0CE8D400677A53 /* Pods-WeightScaleThirdPartyAPITests.release.xcconfig */ = {isa = PBXFileReference; includeInIndex = 1; lastKnownFileType = text.xcconfig; name = "Pods-WeightScaleThirdPartyAPITests.release.xcconfig"; path = "Target Support Files/Pods-WeightScaleThirdPartyAPITests/Pods-WeightScaleThirdPartyAPITests.release.xcconfig"; sourceTree = "<group>"; };
		381103CE227311CB00A4D008 /* UserDefaultsSpec.swift */ = {isa = PBXFileReference; lastKnownFileType = sourcecode.swift; path = UserDefaultsSpec.swift; sourceTree = "<group>"; };
		381103D522731BDD00A4D008 /* ChartsSpec.swift */ = {isa = PBXFileReference; lastKnownFileType = sourcecode.swift; path = ChartsSpec.swift; sourceTree = "<group>"; };
		381103D7227321DF00A4D008 /* RealmSpec.swift */ = {isa = PBXFileReference; lastKnownFileType = sourcecode.swift; path = RealmSpec.swift; sourceTree = "<group>"; };
		3811AE7A25D15E8700DD3326 /* GoogleService-Info.plist */ = {isa = PBXFileReference; fileEncoding = 4; lastKnownFileType = text.plist.xml; name = "GoogleService-Info.plist"; path = "WeightScale/GoogleService-Info.plist"; sourceTree = "<group>"; };
		38149989226F4DA4001B2E71 /* ListViewControllerSpec.swift */ = {isa = PBXFileReference; lastKnownFileType = sourcecode.swift; path = ListViewControllerSpec.swift; sourceTree = "<group>"; };
		381D4F782270B28F009F7E53 /* SettingViewController.swift */ = {isa = PBXFileReference; lastKnownFileType = sourcecode.swift; path = SettingViewController.swift; sourceTree = "<group>"; };
		381D4F7A2270B628009F7E53 /* SettingViewControllerSpec.swift */ = {isa = PBXFileReference; lastKnownFileType = sourcecode.swift; path = SettingViewControllerSpec.swift; sourceTree = "<group>"; };
		381D4F7C22711AA2009F7E53 /* GraphViewController.swift */ = {isa = PBXFileReference; lastKnownFileType = sourcecode.swift; path = GraphViewController.swift; sourceTree = "<group>"; };
		381D4F7E22711E24009F7E53 /* GraphViewControllerSpec.swift */ = {isa = PBXFileReference; lastKnownFileType = sourcecode.swift; path = GraphViewControllerSpec.swift; sourceTree = "<group>"; };
		381D4F8922720656009F7E53 /* WeightScaleThirdPartyAPITests.xctest */ = {isa = PBXFileReference; explicitFileType = wrapper.cfbundle; includeInIndex = 0; path = WeightScaleThirdPartyAPITests.xctest; sourceTree = BUILT_PRODUCTS_DIR; };
		381D4F8D22720656009F7E53 /* Info.plist */ = {isa = PBXFileReference; lastKnownFileType = text.plist.xml; path = Info.plist; sourceTree = "<group>"; };
		3828369D22884EB1009AB799 /* InputVC+UIPickerViewDelegate.swift */ = {isa = PBXFileReference; lastKnownFileType = sourcecode.swift; path = "InputVC+UIPickerViewDelegate.swift"; sourceTree = "<group>"; };
		3828369F22884EC1009AB799 /* InputVC+UIPickerViewDataSource.swift */ = {isa = PBXFileReference; lastKnownFileType = sourcecode.swift; path = "InputVC+UIPickerViewDataSource.swift"; sourceTree = "<group>"; };
		382836A122898A24009AB799 /* TemplateView.swift */ = {isa = PBXFileReference; lastKnownFileType = sourcecode.swift; path = TemplateView.swift; sourceTree = "<group>"; };
		382836A322898BCF009AB799 /* PersonalSettingsSectionView.swift */ = {isa = PBXFileReference; lastKnownFileType = sourcecode.swift; path = PersonalSettingsSectionView.swift; sourceTree = "<group>"; };
		382836A52289947B009AB799 /* NotificationSectionView.swift */ = {isa = PBXFileReference; lastKnownFileType = sourcecode.swift; path = NotificationSectionView.swift; sourceTree = "<group>"; };
		382A531D22BF50E600ED36E2 /* StubNotificationSwitchStatusRepository.swift */ = {isa = PBXFileReference; lastKnownFileType = sourcecode.swift; path = StubNotificationSwitchStatusRepository.swift; sourceTree = "<group>"; };
		382A532122C2645000ED36E2 /* LocalNotificationSwitchValueRepository.swift */ = {isa = PBXFileReference; lastKnownFileType = sourcecode.swift; path = LocalNotificationSwitchValueRepository.swift; sourceTree = "<group>"; };
		382A532422C4EC6200ED36E2 /* LocalNotificationSwitchValueRepositorySpec.swift */ = {isa = PBXFileReference; lastKnownFileType = sourcecode.swift; path = LocalNotificationSwitchValueRepositorySpec.swift; sourceTree = "<group>"; };
		386BDC0622DC1F15002132B5 /* StubNotificationTimeRepository.swift */ = {isa = PBXFileReference; lastKnownFileType = sourcecode.swift; path = StubNotificationTimeRepository.swift; sourceTree = "<group>"; };
		386BDC0822DC425A002132B5 /* LocalNotificationTimeRepositorySpec.swift */ = {isa = PBXFileReference; lastKnownFileType = sourcecode.swift; path = LocalNotificationTimeRepositorySpec.swift; sourceTree = "<group>"; };
		386BDC0A22DC4383002132B5 /* LocalNotificationTimeRepository.swift */ = {isa = PBXFileReference; lastKnownFileType = sourcecode.swift; path = LocalNotificationTimeRepository.swift; sourceTree = "<group>"; };
		3872F24925CFB8A40005D91A /* KeyManager.swift */ = {isa = PBXFileReference; lastKnownFileType = sourcecode.swift; path = KeyManager.swift; sourceTree = "<group>"; };
		3872F24E25CFB8D00005D91A /* Keys.plist */ = {isa = PBXFileReference; lastKnownFileType = text.plist.xml; path = Keys.plist; sourceTree = "<group>"; };
		3891FD7122678292005B186F /* WeightScale.app */ = {isa = PBXFileReference; explicitFileType = wrapper.application; includeInIndex = 0; path = WeightScale.app; sourceTree = BUILT_PRODUCTS_DIR; };
		3891FD7422678292005B186F /* AppDelegate.swift */ = {isa = PBXFileReference; lastKnownFileType = sourcecode.swift; path = AppDelegate.swift; sourceTree = "<group>"; };
		3891FD7B22678294005B186F /* Assets.xcassets */ = {isa = PBXFileReference; lastKnownFileType = folder.assetcatalog; path = Assets.xcassets; sourceTree = "<group>"; };
		3891FD7E22678294005B186F /* Base */ = {isa = PBXFileReference; lastKnownFileType = file.storyboard; name = Base; path = Base.lproj/LaunchScreen.storyboard; sourceTree = "<group>"; };
		3891FD8022678294005B186F /* Info.plist */ = {isa = PBXFileReference; lastKnownFileType = text.plist.xml; path = Info.plist; sourceTree = "<group>"; };
		3891FD8522678294005B186F /* WeightScaleTests.xctest */ = {isa = PBXFileReference; explicitFileType = wrapper.cfbundle; includeInIndex = 0; path = WeightScaleTests.xctest; sourceTree = BUILT_PRODUCTS_DIR; };
		3891FD8B22678294005B186F /* Info.plist */ = {isa = PBXFileReference; lastKnownFileType = text.plist.xml; path = Info.plist; sourceTree = "<group>"; };
		3891FD94226787BD005B186F /* main.swift */ = {isa = PBXFileReference; lastKnownFileType = sourcecode.swift; path = main.swift; sourceTree = "<group>"; };
		3895EE90229EC3D300FD1CD0 /* StubNotificationSender.swift */ = {isa = PBXFileReference; lastKnownFileType = sourcecode.swift; path = StubNotificationSender.swift; sourceTree = "<group>"; };
		3895EE9322A0167300FD1CD0 /* LocalNotificationSender.swift */ = {isa = PBXFileReference; lastKnownFileType = sourcecode.swift; path = LocalNotificationSender.swift; sourceTree = "<group>"; };
		3898691822899E65002D9A38 /* UIColor+Style.swift */ = {isa = PBXFileReference; lastKnownFileType = sourcecode.swift; path = "UIColor+Style.swift"; sourceTree = "<group>"; };
		3898691A2289A583002D9A38 /* UINavigationBar+ApplyStyle.swift */ = {isa = PBXFileReference; lastKnownFileType = sourcecode.swift; path = "UINavigationBar+ApplyStyle.swift"; sourceTree = "<group>"; };
		3898691D228A2336002D9A38 /* RealmGenerator.swift */ = {isa = PBXFileReference; lastKnownFileType = sourcecode.swift; path = RealmGenerator.swift; sourceTree = "<group>"; };
		3898691F228A2C89002D9A38 /* UserDefaultsGenerator.swift */ = {isa = PBXFileReference; lastKnownFileType = sourcecode.swift; path = UserDefaultsGenerator.swift; sourceTree = "<group>"; };
		38986921228AF875002D9A38 /* UIFont+Style.swift */ = {isa = PBXFileReference; lastKnownFileType = sourcecode.swift; path = "UIFont+Style.swift"; sourceTree = "<group>"; };
		38986923228B063C002D9A38 /* UITabBar+ApplyStyle.swift */ = {isa = PBXFileReference; lastKnownFileType = sourcecode.swift; path = "UITabBar+ApplyStyle.swift"; sourceTree = "<group>"; };
		38986925228B752B002D9A38 /* WeightChartView.swift */ = {isa = PBXFileReference; lastKnownFileType = sourcecode.swift; path = WeightChartView.swift; sourceTree = "<group>"; };
		38A1351122767C9C002C09CE /* UserNotificationsSpec.swift */ = {isa = PBXFileReference; lastKnownFileType = sourcecode.swift; path = UserNotificationsSpec.swift; sourceTree = "<group>"; };
		38B3671F226931270009E42F /* InputViewControllerSpec.swift */ = {isa = PBXFileReference; lastKnownFileType = sourcecode.swift; path = InputViewControllerSpec.swift; sourceTree = "<group>"; };
		38B36721226931F40009E42F /* InputViewController.swift */ = {isa = PBXFileReference; lastKnownFileType = sourcecode.swift; path = InputViewController.swift; sourceTree = "<group>"; };
		38B367232269E3E80009E42F /* SpyRouter.swift */ = {isa = PBXFileReference; lastKnownFileType = sourcecode.swift; path = SpyRouter.swift; sourceTree = "<group>"; };
		38B367272269E7F30009E42F /* NavigationRouterSpec.swift */ = {isa = PBXFileReference; lastKnownFileType = sourcecode.swift; path = NavigationRouterSpec.swift; sourceTree = "<group>"; };
		38B36729226CA1430009E42F /* NavigationRouter.swift */ = {isa = PBXFileReference; lastKnownFileType = sourcecode.swift; path = NavigationRouter.swift; sourceTree = "<group>"; };
		38B3672B226CA2170009E42F /* ListViewController.swift */ = {isa = PBXFileReference; lastKnownFileType = sourcecode.swift; path = ListViewController.swift; sourceTree = "<group>"; };
		38B3672D226CA4340009E42F /* AppDelegateSpec.swift */ = {isa = PBXFileReference; lastKnownFileType = sourcecode.swift; path = AppDelegateSpec.swift; sourceTree = "<group>"; };
		38BE15992279367100F97649 /* StubWeightRepository.swift */ = {isa = PBXFileReference; lastKnownFileType = sourcecode.swift; path = StubWeightRepository.swift; sourceTree = "<group>"; };
		38BE159C22793F0A00F97649 /* LocalWeightRepositorySpec.swift */ = {isa = PBXFileReference; lastKnownFileType = sourcecode.swift; path = LocalWeightRepositorySpec.swift; sourceTree = "<group>"; };
		38BE159F22793F8800F97649 /* LocalWeightRepository.swift */ = {isa = PBXFileReference; lastKnownFileType = sourcecode.swift; path = LocalWeightRepository.swift; sourceTree = "<group>"; };
		38BE15A1227974DC00F97649 /* StubRealmWrapper.swift */ = {isa = PBXFileReference; lastKnownFileType = sourcecode.swift; path = StubRealmWrapper.swift; sourceTree = "<group>"; };
		38BE15A322797B0400F97649 /* LocalRealmWrapper.swift */ = {isa = PBXFileReference; lastKnownFileType = sourcecode.swift; path = LocalRealmWrapper.swift; sourceTree = "<group>"; };
		38BE15A5227A5E4800F97649 /* TemplateViewController.swift */ = {isa = PBXFileReference; lastKnownFileType = sourcecode.swift; path = TemplateViewController.swift; sourceTree = "<group>"; };
		38BE15B0227ACE9200F97649 /* WeightListTableViewCell.swift */ = {isa = PBXFileReference; lastKnownFileType = sourcecode.swift; path = WeightListTableViewCell.swift; sourceTree = "<group>"; };
		38BE15B3227AD25F00F97649 /* UIView+LineChartView.swift */ = {isa = PBXFileReference; lastKnownFileType = sourcecode.swift; path = "UIView+LineChartView.swift"; sourceTree = "<group>"; };
		38BE15B5227AD29C00F97649 /* UIViewController+LineChartView.swift */ = {isa = PBXFileReference; lastKnownFileType = sourcecode.swift; path = "UIViewController+LineChartView.swift"; sourceTree = "<group>"; };
		38BE15B7227AD39200F97649 /* UITabBarController+selectTab.swift */ = {isa = PBXFileReference; lastKnownFileType = sourcecode.swift; path = "UITabBarController+selectTab.swift"; sourceTree = "<group>"; };
		38BE15B9227AD3F200F97649 /* UITabBarController+displayedTab.swift */ = {isa = PBXFileReference; lastKnownFileType = sourcecode.swift; path = "UITabBarController+displayedTab.swift"; sourceTree = "<group>"; };
		38BE15BE227AD58F00F97649 /* UIImage+AssetIdentifier.swift */ = {isa = PBXFileReference; lastKnownFileType = sourcecode.swift; path = "UIImage+AssetIdentifier.swift"; sourceTree = "<group>"; };
		38BE15C0227AD60F00F97649 /* WeightData.swift */ = {isa = PBXFileReference; lastKnownFileType = sourcecode.swift; path = WeightData.swift; sourceTree = "<group>"; };
		38BE15C3227AD6F000F97649 /* WeightTest.swift */ = {isa = PBXFileReference; lastKnownFileType = sourcecode.swift; path = WeightTest.swift; sourceTree = "<group>"; };
		38BE15C6227EA00200F97649 /* UIView+UIBarButtonItem.swift */ = {isa = PBXFileReference; lastKnownFileType = sourcecode.swift; path = "UIView+UIBarButtonItem.swift"; sourceTree = "<group>"; };
		38BE15C8227EA06F00F97649 /* WeightPickerView.swift */ = {isa = PBXFileReference; lastKnownFileType = sourcecode.swift; path = WeightPickerView.swift; sourceTree = "<group>"; };
		38BE15CB227EAB2D00F97649 /* StubTargetWeightRepository.swift */ = {isa = PBXFileReference; lastKnownFileType = sourcecode.swift; path = StubTargetWeightRepository.swift; sourceTree = "<group>"; };
		38BE15CD227EAE9C00F97649 /* LocalTargetWeightRepositorySpec.swift */ = {isa = PBXFileReference; lastKnownFileType = sourcecode.swift; path = LocalTargetWeightRepositorySpec.swift; sourceTree = "<group>"; };
		38BE15CF227EAF9800F97649 /* StubUserDefaultsWrapper.swift */ = {isa = PBXFileReference; lastKnownFileType = sourcecode.swift; path = StubUserDefaultsWrapper.swift; sourceTree = "<group>"; };
		38BE15D2227EAFC500F97649 /* LocalTargetWeightRepository.swift */ = {isa = PBXFileReference; lastKnownFileType = sourcecode.swift; path = LocalTargetWeightRepository.swift; sourceTree = "<group>"; };
		38BE15D4227ECA6D00F97649 /* LocalUserDefaultsWrapper.swift */ = {isa = PBXFileReference; lastKnownFileType = sourcecode.swift; path = LocalUserDefaultsWrapper.swift; sourceTree = "<group>"; };
		38BE15D62285903200F97649 /* RunLoop+advance.swift */ = {isa = PBXFileReference; lastKnownFileType = sourcecode.swift; path = "RunLoop+advance.swift"; sourceTree = "<group>"; };
		38BE15D92285C40F00F97649 /* DateManager.swift */ = {isa = PBXFileReference; lastKnownFileType = sourcecode.swift; path = DateManager.swift; sourceTree = "<group>"; };
		38BE15DB22882A3D00F97649 /* SettingVC+UIPickerViewDelegate.swift */ = {isa = PBXFileReference; lastKnownFileType = sourcecode.swift; path = "SettingVC+UIPickerViewDelegate.swift"; sourceTree = "<group>"; };
		38BE15DD22882AB600F97649 /* SettingVC+UIPickerViewDataSource.swift */ = {isa = PBXFileReference; lastKnownFileType = sourcecode.swift; path = "SettingVC+UIPickerViewDataSource.swift"; sourceTree = "<group>"; };
		38E2C9B6228C3EAF005CC530 /* UIButton+ApplyStyle.swift */ = {isa = PBXFileReference; lastKnownFileType = sourcecode.swift; path = "UIButton+ApplyStyle.swift"; sourceTree = "<group>"; };
		38E2C9B8228CC584005CC530 /* UILabel+ApplyStyle.swift */ = {isa = PBXFileReference; lastKnownFileType = sourcecode.swift; path = "UILabel+ApplyStyle.swift"; sourceTree = "<group>"; };
		38E2C9BA228CC7EC005CC530 /* UITextField+ApplyStyle.swift */ = {isa = PBXFileReference; lastKnownFileType = sourcecode.swift; path = "UITextField+ApplyStyle.swift"; sourceTree = "<group>"; };
		3D02B64C663E72EAB5276A7D /* Pods-WeightScaleTests.debug.xcconfig */ = {isa = PBXFileReference; includeInIndex = 1; lastKnownFileType = text.xcconfig; name = "Pods-WeightScaleTests.debug.xcconfig"; path = "Target Support Files/Pods-WeightScaleTests/Pods-WeightScaleTests.debug.xcconfig"; sourceTree = "<group>"; };
		49A7E12036D978860C5C1E6A /* Pods_WeightScale.framework */ = {isa = PBXFileReference; explicitFileType = wrapper.framework; includeInIndex = 0; path = Pods_WeightScale.framework; sourceTree = BUILT_PRODUCTS_DIR; };
		517A4848CD20B511E4355164 /* Pods-WeightScale.release.xcconfig */ = {isa = PBXFileReference; includeInIndex = 1; lastKnownFileType = text.xcconfig; name = "Pods-WeightScale.release.xcconfig"; path = "Target Support Files/Pods-WeightScale/Pods-WeightScale.release.xcconfig"; sourceTree = "<group>"; };
		577FAA9133BA651CAF50DBC8 /* Pods-WeightScale.debug.xcconfig */ = {isa = PBXFileReference; includeInIndex = 1; lastKnownFileType = text.xcconfig; name = "Pods-WeightScale.debug.xcconfig"; path = "Target Support Files/Pods-WeightScale/Pods-WeightScale.debug.xcconfig"; sourceTree = "<group>"; };
		938DAB3822916CE100E4A2D3 /* TargetWeightView.swift */ = {isa = PBXFileReference; lastKnownFileType = sourcecode.swift; path = TargetWeightView.swift; sourceTree = "<group>"; };
		A5F255251DE4DAA722CF6E58 /* Pods_WeightScaleTests.framework */ = {isa = PBXFileReference; explicitFileType = wrapper.framework; includeInIndex = 0; path = Pods_WeightScaleTests.framework; sourceTree = BUILT_PRODUCTS_DIR; };
		DE07A11B0A42DA584FDA3D89 /* Pods_WeightScaleThirdPartyAPITests.framework */ = {isa = PBXFileReference; explicitFileType = wrapper.framework; includeInIndex = 0; path = Pods_WeightScaleThirdPartyAPITests.framework; sourceTree = BUILT_PRODUCTS_DIR; };
		FC5A8DD3983EA5DDEFA0189F /* Pods-WeightScaleTests.release.xcconfig */ = {isa = PBXFileReference; includeInIndex = 1; lastKnownFileType = text.xcconfig; name = "Pods-WeightScaleTests.release.xcconfig"; path = "Target Support Files/Pods-WeightScaleTests/Pods-WeightScaleTests.release.xcconfig"; sourceTree = "<group>"; };
/* End PBXFileReference section */

/* Begin PBXFrameworksBuildPhase section */
		381D4F8622720656009F7E53 /* Frameworks */ = {
			isa = PBXFrameworksBuildPhase;
			buildActionMask = 2147483647;
			files = (
				C4D002FB745FE38DD9A3CD63 /* Pods_WeightScaleThirdPartyAPITests.framework in Frameworks */,
			);
			runOnlyForDeploymentPostprocessing = 0;
		};
		3891FD6E22678292005B186F /* Frameworks */ = {
			isa = PBXFrameworksBuildPhase;
			buildActionMask = 2147483647;
			files = (
				10A51EFA8C7C4E3DB87507D5 /* Pods_WeightScale.framework in Frameworks */,
			);
			runOnlyForDeploymentPostprocessing = 0;
		};
		3891FD8222678294005B186F /* Frameworks */ = {
			isa = PBXFrameworksBuildPhase;
			buildActionMask = 2147483647;
			files = (
				50E9CA696629E3893879118B /* Pods_WeightScaleTests.framework in Frameworks */,
			);
			runOnlyForDeploymentPostprocessing = 0;
		};
/* End PBXFrameworksBuildPhase section */

/* Begin PBXGroup section */
		381D4F8A22720656009F7E53 /* WeightScaleThirdPartyAPITests */ = {
			isa = PBXGroup;
			children = (
				38BE15C2227AD6D900F97649 /* Realm */,
				381103D522731BDD00A4D008 /* ChartsSpec.swift */,
				381D4F8D22720656009F7E53 /* Info.plist */,
				381103CE227311CB00A4D008 /* UserDefaultsSpec.swift */,
				38A1351122767C9C002C09CE /* UserNotificationsSpec.swift */,
			);
			path = WeightScaleThirdPartyAPITests;
			sourceTree = "<group>";
		};
		382836A722899A85009AB799 /* StyleGuide */ = {
			isa = PBXGroup;
			children = (
				38E2C9B6228C3EAF005CC530 /* UIButton+ApplyStyle.swift */,
				3898691822899E65002D9A38 /* UIColor+Style.swift */,
				38986921228AF875002D9A38 /* UIFont+Style.swift */,
				38E2C9B8228CC584005CC530 /* UILabel+ApplyStyle.swift */,
				3898691A2289A583002D9A38 /* UINavigationBar+ApplyStyle.swift */,
				38986923228B063C002D9A38 /* UITabBar+ApplyStyle.swift */,
				38E2C9BA228CC7EC005CC530 /* UITextField+ApplyStyle.swift */,
			);
			path = StyleGuide;
			sourceTree = "<group>";
		};
		382A532322C4EC3C00ED36E2 /* Notification */ = {
			isa = PBXGroup;
			children = (
				382A532422C4EC6200ED36E2 /* LocalNotificationSwitchValueRepositorySpec.swift */,
				386BDC0822DC425A002132B5 /* LocalNotificationTimeRepositorySpec.swift */,
			);
			path = Notification;
			sourceTree = "<group>";
		};
		3891FD6822678292005B186F = {
			isa = PBXGroup;
			children = (
				3811AE7A25D15E8700DD3326 /* GoogleService-Info.plist */,
				38B367072268D1FB0009E42F /* Frameworks */,
				ABD4C120BE1E610F1747D73D /* Pods */,
				3891FD7222678292005B186F /* Products */,
				3891FD7322678292005B186F /* WeightScale */,
				3891FD8822678294005B186F /* WeightScaleTests */,
				381D4F8A22720656009F7E53 /* WeightScaleThirdPartyAPITests */,
			);
			sourceTree = "<group>";
		};
		3891FD7222678292005B186F /* Products */ = {
			isa = PBXGroup;
			children = (
				3891FD7122678292005B186F /* WeightScale.app */,
				3891FD8522678294005B186F /* WeightScaleTests.xctest */,
				381D4F8922720656009F7E53 /* WeightScaleThirdPartyAPITests.xctest */,
			);
			name = Products;
			sourceTree = "<group>";
		};
		3891FD7322678292005B186F /* WeightScale */ = {
			isa = PBXGroup;
			children = (
				38B3672F226CC66B0009E42F /* Application */,
				38BE15A7227A7FC900F97649 /* Components */,
				38B36730226CC6790009E42F /* UI */,
			);
			path = WeightScale;
			sourceTree = "<group>";
		};
		3891FD8822678294005B186F /* WeightScaleTests */ = {
			isa = PBXGroup;
			children = (
				38B36732226CC6D30009E42F /* Application */,
				38BE15AA227A801F00F97649 /* Components */,
				3898691C228A2311002D9A38 /* Generator */,
				38B36731226CC6C30009E42F /* UI */,
			);
			path = WeightScaleTests;
			sourceTree = "<group>";
		};
		3895EE9222A0165800FD1CD0 /* Notification */ = {
			isa = PBXGroup;
			children = (
				3895EE9322A0167300FD1CD0 /* LocalNotificationSender.swift */,
				382A532122C2645000ED36E2 /* LocalNotificationSwitchValueRepository.swift */,
				386BDC0A22DC4383002132B5 /* LocalNotificationTimeRepository.swift */,
			);
			path = Notification;
			sourceTree = "<group>";
		};
		3898691C228A2311002D9A38 /* Generator */ = {
			isa = PBXGroup;
			children = (
				3898691D228A2336002D9A38 /* RealmGenerator.swift */,
				3898691F228A2C89002D9A38 /* UserDefaultsGenerator.swift */,
			);
			path = Generator;
			sourceTree = "<group>";
		};
		38B367072268D1FB0009E42F /* Frameworks */ = {
			isa = PBXGroup;
			children = (
				49A7E12036D978860C5C1E6A /* Pods_WeightScale.framework */,
				A5F255251DE4DAA722CF6E58 /* Pods_WeightScaleTests.framework */,
				DE07A11B0A42DA584FDA3D89 /* Pods_WeightScaleThirdPartyAPITests.framework */,
			);
			name = Frameworks;
			sourceTree = "<group>";
		};
		38B3672F226CC66B0009E42F /* Application */ = {
			isa = PBXGroup;
			children = (
				3891FD7422678292005B186F /* AppDelegate.swift */,
				3891FD7B22678294005B186F /* Assets.xcassets */,
				3891FD8022678294005B186F /* Info.plist */,
				3872F24925CFB8A40005D91A /* KeyManager.swift */,
				3872F24E25CFB8D00005D91A /* Keys.plist */,
				3891FD7D22678294005B186F /* LaunchScreen.storyboard */,
				3891FD94226787BD005B186F /* main.swift */,
			);
			path = Application;
			sourceTree = "<group>";
		};
		38B36730226CC6790009E42F /* UI */ = {
			isa = PBXGroup;
			children = (
				38BE15E122882B9C00F97649 /* Graph */,
				38BE15E022882B9500F97649 /* Input */,
				38BE15AF227ACE7200F97649 /* List */,
				38BE15AE227ACE5000F97649 /* Setting */,
				382836A722899A85009AB799 /* StyleGuide */,
				38BE15A9227A800B00F97649 /* Template */,
				38BE15DF22882B2C00F97649 /* WeightPicker */,
			);
			path = UI;
			sourceTree = "<group>";
		};
		38B36731226CC6C30009E42F /* UI */ = {
			isa = PBXGroup;
			children = (
				38BE15B2227AD23600F97649 /* Graph */,
				38BE15E222882BB400F97649 /* Input */,
				38BE15E322882BBB00F97649 /* List */,
				38BE15C5227E9FCD00F97649 /* Setting */,
			);
			path = UI;
			sourceTree = "<group>";
		};
		38B36732226CC6D30009E42F /* Application */ = {
			isa = PBXGroup;
			children = (
				38B3672D226CA4340009E42F /* AppDelegateSpec.swift */,
				3891FD8B22678294005B186F /* Info.plist */,
			);
			path = Application;
			sourceTree = "<group>";
		};
		38BE159B22793EAF00F97649 /* Weight */ = {
			isa = PBXGroup;
			children = (
				38BE159C22793F0A00F97649 /* LocalWeightRepositorySpec.swift */,
				38BE15A1227974DC00F97649 /* StubRealmWrapper.swift */,
				38BE15992279367100F97649 /* StubWeightRepository.swift */,
			);
			path = Weight;
			sourceTree = "<group>";
		};
		38BE159E22793F7300F97649 /* Weight */ = {
			isa = PBXGroup;
			children = (
				38BE15A322797B0400F97649 /* LocalRealmWrapper.swift */,
				38BE159F22793F8800F97649 /* LocalWeightRepository.swift */,
				38BE15C0227AD60F00F97649 /* WeightData.swift */,
			);
			path = Weight;
			sourceTree = "<group>";
		};
		38BE15A7227A7FC900F97649 /* Components */ = {
			isa = PBXGroup;
			children = (
				38BE15D82285C3FC00F97649 /* Date */,
				3895EE9222A0165800FD1CD0 /* Notification */,
				38BE15A8227A7FF300F97649 /* Router */,
				38BE15D1227EAFB400F97649 /* TargetWeight */,
				38BE159E22793F7300F97649 /* Weight */,
			);
			path = Components;
			sourceTree = "<group>";
		};
		38BE15A8227A7FF300F97649 /* Router */ = {
			isa = PBXGroup;
			children = (
				38B36729226CA1430009E42F /* NavigationRouter.swift */,
				38BE15BE227AD58F00F97649 /* UIImage+AssetIdentifier.swift */,
			);
			path = Router;
			sourceTree = "<group>";
		};
		38BE15A9227A800B00F97649 /* Template */ = {
			isa = PBXGroup;
			children = (
				382836A122898A24009AB799 /* TemplateView.swift */,
				38BE15A5227A5E4800F97649 /* TemplateViewController.swift */,
			);
			path = Template;
			sourceTree = "<group>";
		};
		38BE15AA227A801F00F97649 /* Components */ = {
			isa = PBXGroup;
			children = (
				382A532322C4EC3C00ED36E2 /* Notification */,
				38BE15AB227A803500F97649 /* Router */,
				38BE15CA227EAB1B00F97649 /* TargetWeight */,
				38BE159B22793EAF00F97649 /* Weight */,
			);
			path = Components;
			sourceTree = "<group>";
		};
		38BE15AB227A803500F97649 /* Router */ = {
			isa = PBXGroup;
			children = (
				38B367272269E7F30009E42F /* NavigationRouterSpec.swift */,
				38BE15D62285903200F97649 /* RunLoop+advance.swift */,
				38B367232269E3E80009E42F /* SpyRouter.swift */,
				38BE15B9227AD3F200F97649 /* UITabBarController+displayedTab.swift */,
				38BE15B7227AD39200F97649 /* UITabBarController+selectTab.swift */,
			);
			path = Router;
			sourceTree = "<group>";
		};
		38BE15AE227ACE5000F97649 /* Setting */ = {
			isa = PBXGroup;
			children = (
				382836A52289947B009AB799 /* NotificationSectionView.swift */,
				382836A322898BCF009AB799 /* PersonalSettingsSectionView.swift */,
				38BE15DD22882AB600F97649 /* SettingVC+UIPickerViewDataSource.swift */,
				38BE15DB22882A3D00F97649 /* SettingVC+UIPickerViewDelegate.swift */,
				381D4F782270B28F009F7E53 /* SettingViewController.swift */,
			);
			path = Setting;
			sourceTree = "<group>";
		};
		38BE15AF227ACE7200F97649 /* List */ = {
			isa = PBXGroup;
			children = (
				38B3672B226CA2170009E42F /* ListViewController.swift */,
				38BE15B0227ACE9200F97649 /* WeightListTableViewCell.swift */,
			);
			path = List;
			sourceTree = "<group>";
		};
		38BE15B2227AD23600F97649 /* Graph */ = {
			isa = PBXGroup;
			children = (
				381D4F7E22711E24009F7E53 /* GraphViewControllerSpec.swift */,
				38BE15B3227AD25F00F97649 /* UIView+LineChartView.swift */,
				38BE15B5227AD29C00F97649 /* UIViewController+LineChartView.swift */,
			);
			path = Graph;
			sourceTree = "<group>";
		};
		38BE15C2227AD6D900F97649 /* Realm */ = {
			isa = PBXGroup;
			children = (
				381103D7227321DF00A4D008 /* RealmSpec.swift */,
				38BE15C3227AD6F000F97649 /* WeightTest.swift */,
			);
			path = Realm;
			sourceTree = "<group>";
		};
		38BE15C5227E9FCD00F97649 /* Setting */ = {
			isa = PBXGroup;
			children = (
				381D4F7A2270B628009F7E53 /* SettingViewControllerSpec.swift */,
				3895EE90229EC3D300FD1CD0 /* StubNotificationSender.swift */,
				382A531D22BF50E600ED36E2 /* StubNotificationSwitchStatusRepository.swift */,
				386BDC0622DC1F15002132B5 /* StubNotificationTimeRepository.swift */,
				38BE15C6227EA00200F97649 /* UIView+UIBarButtonItem.swift */,
			);
			path = Setting;
			sourceTree = "<group>";
		};
		38BE15CA227EAB1B00F97649 /* TargetWeight */ = {
			isa = PBXGroup;
			children = (
				38BE15CD227EAE9C00F97649 /* LocalTargetWeightRepositorySpec.swift */,
				38BE15CB227EAB2D00F97649 /* StubTargetWeightRepository.swift */,
				38BE15CF227EAF9800F97649 /* StubUserDefaultsWrapper.swift */,
			);
			path = TargetWeight;
			sourceTree = "<group>";
		};
		38BE15D1227EAFB400F97649 /* TargetWeight */ = {
			isa = PBXGroup;
			children = (
				38BE15D2227EAFC500F97649 /* LocalTargetWeightRepository.swift */,
				38BE15D4227ECA6D00F97649 /* LocalUserDefaultsWrapper.swift */,
			);
			path = TargetWeight;
			sourceTree = "<group>";
		};
		38BE15D82285C3FC00F97649 /* Date */ = {
			isa = PBXGroup;
			children = (
				38BE15D92285C40F00F97649 /* DateManager.swift */,
			);
			path = Date;
			sourceTree = "<group>";
		};
		38BE15DF22882B2C00F97649 /* WeightPicker */ = {
			isa = PBXGroup;
			children = (
				38BE15C8227EA06F00F97649 /* WeightPickerView.swift */,
			);
			path = WeightPicker;
			sourceTree = "<group>";
		};
		38BE15E022882B9500F97649 /* Input */ = {
			isa = PBXGroup;
			children = (
				3828369F22884EC1009AB799 /* InputVC+UIPickerViewDataSource.swift */,
				3828369D22884EB1009AB799 /* InputVC+UIPickerViewDelegate.swift */,
				38B36721226931F40009E42F /* InputViewController.swift */,
			);
			path = Input;
			sourceTree = "<group>";
		};
		38BE15E122882B9C00F97649 /* Graph */ = {
			isa = PBXGroup;
			children = (
				381D4F7C22711AA2009F7E53 /* GraphViewController.swift */,
				938DAB3822916CE100E4A2D3 /* TargetWeightView.swift */,
				38986925228B752B002D9A38 /* WeightChartView.swift */,
			);
			path = Graph;
			sourceTree = "<group>";
		};
		38BE15E222882BB400F97649 /* Input */ = {
			isa = PBXGroup;
			children = (
				38B3671F226931270009E42F /* InputViewControllerSpec.swift */,
			);
			path = Input;
			sourceTree = "<group>";
		};
		38BE15E322882BBB00F97649 /* List */ = {
			isa = PBXGroup;
			children = (
				38149989226F4DA4001B2E71 /* ListViewControllerSpec.swift */,
			);
			path = List;
			sourceTree = "<group>";
		};
		ABD4C120BE1E610F1747D73D /* Pods */ = {
			isa = PBXGroup;
			children = (
				577FAA9133BA651CAF50DBC8 /* Pods-WeightScale.debug.xcconfig */,
				517A4848CD20B511E4355164 /* Pods-WeightScale.release.xcconfig */,
				3D02B64C663E72EAB5276A7D /* Pods-WeightScaleTests.debug.xcconfig */,
				FC5A8DD3983EA5DDEFA0189F /* Pods-WeightScaleTests.release.xcconfig */,
				07CDECA49FD5BE95EE9842F2 /* Pods-WeightScaleThirdPartyAPITests.debug.xcconfig */,
				1A1ACA608E0CE8D400677A53 /* Pods-WeightScaleThirdPartyAPITests.release.xcconfig */,
			);
			path = Pods;
			sourceTree = "<group>";
		};
/* End PBXGroup section */

/* Begin PBXNativeTarget section */
		381D4F8822720656009F7E53 /* WeightScaleThirdPartyAPITests */ = {
			isa = PBXNativeTarget;
			buildConfigurationList = 381D4F9222720656009F7E53 /* Build configuration list for PBXNativeTarget "WeightScaleThirdPartyAPITests" */;
			buildPhases = (
				40C8CF9C006876E604FE813F /* [CP] Check Pods Manifest.lock */,
				381D4F8522720656009F7E53 /* Sources */,
				381D4F8622720656009F7E53 /* Frameworks */,
				381D4F8722720656009F7E53 /* Resources */,
				07F20115AC0175ED34AAEE3E /* [CP] Embed Pods Frameworks */,
			);
			buildRules = (
			);
			dependencies = (
				381D4F8F22720656009F7E53 /* PBXTargetDependency */,
			);
			name = WeightScaleThirdPartyAPITests;
			productName = WeightScaleThirdPartyAPITests;
			productReference = 381D4F8922720656009F7E53 /* WeightScaleThirdPartyAPITests.xctest */;
			productType = "com.apple.product-type.bundle.unit-test";
		};
		3891FD7022678292005B186F /* WeightScale */ = {
			isa = PBXNativeTarget;
			buildConfigurationList = 3891FD8E22678294005B186F /* Build configuration list for PBXNativeTarget "WeightScale" */;
			buildPhases = (
				0F6715A173CD96DF66946B54 /* [CP] Check Pods Manifest.lock */,
				3891FD6D22678292005B186F /* Sources */,
				3891FD6E22678292005B186F /* Frameworks */,
				3891FD6F22678292005B186F /* Resources */,
				A98DA1C0C21BC665CD9BCC8C /* [CP] Embed Pods Frameworks */,
			);
			buildRules = (
			);
			dependencies = (
			);
			name = WeightScale;
			productName = WeightScale;
			productReference = 3891FD7122678292005B186F /* WeightScale.app */;
			productType = "com.apple.product-type.application";
		};
		3891FD8422678294005B186F /* WeightScaleTests */ = {
			isa = PBXNativeTarget;
			buildConfigurationList = 3891FD9122678294005B186F /* Build configuration list for PBXNativeTarget "WeightScaleTests" */;
			buildPhases = (
				FB232FB5DDA26BB2B74A3CB4 /* [CP] Check Pods Manifest.lock */,
				3891FD8122678294005B186F /* Sources */,
				3891FD8222678294005B186F /* Frameworks */,
				3891FD8322678294005B186F /* Resources */,
				0AAE1AEBCC02B842325F9A2B /* [CP] Embed Pods Frameworks */,
			);
			buildRules = (
			);
			dependencies = (
				3891FD8722678294005B186F /* PBXTargetDependency */,
			);
			name = WeightScaleTests;
			productName = WeightScaleTests;
			productReference = 3891FD8522678294005B186F /* WeightScaleTests.xctest */;
			productType = "com.apple.product-type.bundle.unit-test";
		};
/* End PBXNativeTarget section */

/* Begin PBXProject section */
		3891FD6922678292005B186F /* Project object */ = {
			isa = PBXProject;
			attributes = {
				LastSwiftUpdateCheck = 1020;
				LastUpgradeCheck = 1240;
				ORGANIZATIONNAME = "Ema Shinya";
				TargetAttributes = {
					381D4F8822720656009F7E53 = {
						CreatedOnToolsVersion = 10.2.1;
						TestTargetID = 3891FD7022678292005B186F;
					};
					3891FD7022678292005B186F = {
						CreatedOnToolsVersion = 10.1;
						LastSwiftMigration = 1020;
					};
					3891FD8422678294005B186F = {
						CreatedOnToolsVersion = 10.1;
						LastSwiftMigration = 1020;
						TestTargetID = 3891FD7022678292005B186F;
					};
				};
			};
			buildConfigurationList = 3891FD6C22678292005B186F /* Build configuration list for PBXProject "WeightScale" */;
			compatibilityVersion = "Xcode 9.3";
			developmentRegion = en;
			hasScannedForEncodings = 0;
			knownRegions = (
				en,
				Base,
			);
			mainGroup = 3891FD6822678292005B186F;
			productRefGroup = 3891FD7222678292005B186F /* Products */;
			projectDirPath = "";
			projectRoot = "";
			targets = (
				3891FD7022678292005B186F /* WeightScale */,
				3891FD8422678294005B186F /* WeightScaleTests */,
				381D4F8822720656009F7E53 /* WeightScaleThirdPartyAPITests */,
			);
		};
/* End PBXProject section */

/* Begin PBXResourcesBuildPhase section */
		381D4F8722720656009F7E53 /* Resources */ = {
			isa = PBXResourcesBuildPhase;
			buildActionMask = 2147483647;
			files = (
			);
			runOnlyForDeploymentPostprocessing = 0;
		};
		3891FD6F22678292005B186F /* Resources */ = {
			isa = PBXResourcesBuildPhase;
			buildActionMask = 2147483647;
			files = (
				3891FD7C22678294005B186F /* Assets.xcassets in Resources */,
				3811AE7B25D15E8700DD3326 /* GoogleService-Info.plist in Resources */,
				3872F24F25CFB8D00005D91A /* Keys.plist in Resources */,
				3891FD7F22678294005B186F /* LaunchScreen.storyboard in Resources */,
			);
			runOnlyForDeploymentPostprocessing = 0;
		};
		3891FD8322678294005B186F /* Resources */ = {
			isa = PBXResourcesBuildPhase;
			buildActionMask = 2147483647;
			files = (
			);
			runOnlyForDeploymentPostprocessing = 0;
		};
/* End PBXResourcesBuildPhase section */

/* Begin PBXShellScriptBuildPhase section */
		07F20115AC0175ED34AAEE3E /* [CP] Embed Pods Frameworks */ = {
			isa = PBXShellScriptBuildPhase;
			buildActionMask = 2147483647;
			files = (
			);
			inputFileListPaths = (
				"${PODS_ROOT}/Target Support Files/Pods-WeightScaleThirdPartyAPITests/Pods-WeightScaleThirdPartyAPITests-frameworks-${CONFIGURATION}-input-files.xcfilelist",
			);
			name = "[CP] Embed Pods Frameworks";
			outputFileListPaths = (
				"${PODS_ROOT}/Target Support Files/Pods-WeightScaleThirdPartyAPITests/Pods-WeightScaleThirdPartyAPITests-frameworks-${CONFIGURATION}-output-files.xcfilelist",
			);
			runOnlyForDeploymentPostprocessing = 0;
			shellPath = /bin/sh;
			shellScript = "\"${PODS_ROOT}/Target Support Files/Pods-WeightScaleThirdPartyAPITests/Pods-WeightScaleThirdPartyAPITests-frameworks.sh\"\n";
			showEnvVarsInLog = 0;
		};
		0AAE1AEBCC02B842325F9A2B /* [CP] Embed Pods Frameworks */ = {
			isa = PBXShellScriptBuildPhase;
			buildActionMask = 2147483647;
			files = (
			);
			inputFileListPaths = (
				"${PODS_ROOT}/Target Support Files/Pods-WeightScaleTests/Pods-WeightScaleTests-frameworks-${CONFIGURATION}-input-files.xcfilelist",
			);
			name = "[CP] Embed Pods Frameworks";
			outputFileListPaths = (
				"${PODS_ROOT}/Target Support Files/Pods-WeightScaleTests/Pods-WeightScaleTests-frameworks-${CONFIGURATION}-output-files.xcfilelist",
			);
			runOnlyForDeploymentPostprocessing = 0;
			shellPath = /bin/sh;
			shellScript = "\"${PODS_ROOT}/Target Support Files/Pods-WeightScaleTests/Pods-WeightScaleTests-frameworks.sh\"\n";
			showEnvVarsInLog = 0;
		};
		0F6715A173CD96DF66946B54 /* [CP] Check Pods Manifest.lock */ = {
			isa = PBXShellScriptBuildPhase;
			buildActionMask = 2147483647;
			files = (
			);
			inputFileListPaths = (
			);
			inputPaths = (
				"${PODS_PODFILE_DIR_PATH}/Podfile.lock",
				"${PODS_ROOT}/Manifest.lock",
			);
			name = "[CP] Check Pods Manifest.lock";
			outputFileListPaths = (
			);
			outputPaths = (
				"$(DERIVED_FILE_DIR)/Pods-WeightScale-checkManifestLockResult.txt",
			);
			runOnlyForDeploymentPostprocessing = 0;
			shellPath = /bin/sh;
			shellScript = "diff \"${PODS_PODFILE_DIR_PATH}/Podfile.lock\" \"${PODS_ROOT}/Manifest.lock\" > /dev/null\nif [ $? != 0 ] ; then\n    # print error to STDERR\n    echo \"error: The sandbox is not in sync with the Podfile.lock. Run 'pod install' or update your CocoaPods installation.\" >&2\n    exit 1\nfi\n# This output is used by Xcode 'outputs' to avoid re-running this script phase.\necho \"SUCCESS\" > \"${SCRIPT_OUTPUT_FILE_0}\"\n";
			showEnvVarsInLog = 0;
		};
		40C8CF9C006876E604FE813F /* [CP] Check Pods Manifest.lock */ = {
			isa = PBXShellScriptBuildPhase;
			buildActionMask = 2147483647;
			files = (
			);
			inputFileListPaths = (
			);
			inputPaths = (
				"${PODS_PODFILE_DIR_PATH}/Podfile.lock",
				"${PODS_ROOT}/Manifest.lock",
			);
			name = "[CP] Check Pods Manifest.lock";
			outputFileListPaths = (
			);
			outputPaths = (
				"$(DERIVED_FILE_DIR)/Pods-WeightScaleThirdPartyAPITests-checkManifestLockResult.txt",
			);
			runOnlyForDeploymentPostprocessing = 0;
			shellPath = /bin/sh;
			shellScript = "diff \"${PODS_PODFILE_DIR_PATH}/Podfile.lock\" \"${PODS_ROOT}/Manifest.lock\" > /dev/null\nif [ $? != 0 ] ; then\n    # print error to STDERR\n    echo \"error: The sandbox is not in sync with the Podfile.lock. Run 'pod install' or update your CocoaPods installation.\" >&2\n    exit 1\nfi\n# This output is used by Xcode 'outputs' to avoid re-running this script phase.\necho \"SUCCESS\" > \"${SCRIPT_OUTPUT_FILE_0}\"\n";
			showEnvVarsInLog = 0;
		};
		A98DA1C0C21BC665CD9BCC8C /* [CP] Embed Pods Frameworks */ = {
			isa = PBXShellScriptBuildPhase;
			buildActionMask = 2147483647;
			files = (
			);
			inputFileListPaths = (
				"${PODS_ROOT}/Target Support Files/Pods-WeightScale/Pods-WeightScale-frameworks-${CONFIGURATION}-input-files.xcfilelist",
			);
			name = "[CP] Embed Pods Frameworks";
			outputFileListPaths = (
				"${PODS_ROOT}/Target Support Files/Pods-WeightScale/Pods-WeightScale-frameworks-${CONFIGURATION}-output-files.xcfilelist",
			);
			runOnlyForDeploymentPostprocessing = 0;
			shellPath = /bin/sh;
			shellScript = "\"${PODS_ROOT}/Target Support Files/Pods-WeightScale/Pods-WeightScale-frameworks.sh\"\n";
			showEnvVarsInLog = 0;
		};
		FB232FB5DDA26BB2B74A3CB4 /* [CP] Check Pods Manifest.lock */ = {
			isa = PBXShellScriptBuildPhase;
			buildActionMask = 2147483647;
			files = (
			);
			inputFileListPaths = (
			);
			inputPaths = (
				"${PODS_PODFILE_DIR_PATH}/Podfile.lock",
				"${PODS_ROOT}/Manifest.lock",
			);
			name = "[CP] Check Pods Manifest.lock";
			outputFileListPaths = (
			);
			outputPaths = (
				"$(DERIVED_FILE_DIR)/Pods-WeightScaleTests-checkManifestLockResult.txt",
			);
			runOnlyForDeploymentPostprocessing = 0;
			shellPath = /bin/sh;
			shellScript = "diff \"${PODS_PODFILE_DIR_PATH}/Podfile.lock\" \"${PODS_ROOT}/Manifest.lock\" > /dev/null\nif [ $? != 0 ] ; then\n    # print error to STDERR\n    echo \"error: The sandbox is not in sync with the Podfile.lock. Run 'pod install' or update your CocoaPods installation.\" >&2\n    exit 1\nfi\n# This output is used by Xcode 'outputs' to avoid re-running this script phase.\necho \"SUCCESS\" > \"${SCRIPT_OUTPUT_FILE_0}\"\n";
			showEnvVarsInLog = 0;
		};
/* End PBXShellScriptBuildPhase section */

/* Begin PBXSourcesBuildPhase section */
		381D4F8522720656009F7E53 /* Sources */ = {
			isa = PBXSourcesBuildPhase;
			buildActionMask = 2147483647;
			files = (
				381103D622731BDD00A4D008 /* ChartsSpec.swift in Sources */,
				381103D8227321DF00A4D008 /* RealmSpec.swift in Sources */,
				381103CF227311CB00A4D008 /* UserDefaultsSpec.swift in Sources */,
				38A1351222767C9C002C09CE /* UserNotificationsSpec.swift in Sources */,
				38BE15C4227AD6F000F97649 /* WeightTest.swift in Sources */,
			);
			runOnlyForDeploymentPostprocessing = 0;
		};
		3891FD6D22678292005B186F /* Sources */ = {
			isa = PBXSourcesBuildPhase;
			buildActionMask = 2147483647;
			files = (
				3891FD7522678292005B186F /* AppDelegate.swift in Sources */,
				38BE15DA2285C40F00F97649 /* DateManager.swift in Sources */,
				381D4F7D22711AA2009F7E53 /* GraphViewController.swift in Sources */,
				382836A022884EC1009AB799 /* InputVC+UIPickerViewDataSource.swift in Sources */,
				3828369E22884EB1009AB799 /* InputVC+UIPickerViewDelegate.swift in Sources */,
				38B36722226931F40009E42F /* InputViewController.swift in Sources */,
				3872F24A25CFB8A40005D91A /* KeyManager.swift in Sources */,
				38B3672C226CA2170009E42F /* ListViewController.swift in Sources */,
				3895EE9422A0167300FD1CD0 /* LocalNotificationSender.swift in Sources */,
				382A532222C2645000ED36E2 /* LocalNotificationSwitchValueRepository.swift in Sources */,
				386BDC0B22DC4383002132B5 /* LocalNotificationTimeRepository.swift in Sources */,
				38BE15A422797B0400F97649 /* LocalRealmWrapper.swift in Sources */,
				38BE15D3227EAFC500F97649 /* LocalTargetWeightRepository.swift in Sources */,
				38BE15D5227ECA6D00F97649 /* LocalUserDefaultsWrapper.swift in Sources */,
				38BE15A022793F8800F97649 /* LocalWeightRepository.swift in Sources */,
				3891FD95226787BD005B186F /* main.swift in Sources */,
				38B3672A226CA1440009E42F /* NavigationRouter.swift in Sources */,
				382836A62289947B009AB799 /* NotificationSectionView.swift in Sources */,
				382836A422898BCF009AB799 /* PersonalSettingsSectionView.swift in Sources */,
				38BE15DE22882AB600F97649 /* SettingVC+UIPickerViewDataSource.swift in Sources */,
				38BE15DC22882A3D00F97649 /* SettingVC+UIPickerViewDelegate.swift in Sources */,
				381D4F792270B28F009F7E53 /* SettingViewController.swift in Sources */,
				938DAB3922916CE100E4A2D3 /* TargetWeightView.swift in Sources */,
				382836A222898A24009AB799 /* TemplateView.swift in Sources */,
				38BE15A6227A5E4800F97649 /* TemplateViewController.swift in Sources */,
				38E2C9B7228C3EAF005CC530 /* UIButton+ApplyStyle.swift in Sources */,
				3898691922899E65002D9A38 /* UIColor+Style.swift in Sources */,
				38986922228AF875002D9A38 /* UIFont+Style.swift in Sources */,
				38BE15BF227AD58F00F97649 /* UIImage+AssetIdentifier.swift in Sources */,
				38E2C9B9228CC585005CC530 /* UILabel+ApplyStyle.swift in Sources */,
				3898691B2289A583002D9A38 /* UINavigationBar+ApplyStyle.swift in Sources */,
				38986924228B063C002D9A38 /* UITabBar+ApplyStyle.swift in Sources */,
				38E2C9BB228CC7EC005CC530 /* UITextField+ApplyStyle.swift in Sources */,
				38986926228B752B002D9A38 /* WeightChartView.swift in Sources */,
				38BE15C1227AD60F00F97649 /* WeightData.swift in Sources */,
				38BE15B1227ACE9200F97649 /* WeightListTableViewCell.swift in Sources */,
				38BE15C9227EA06F00F97649 /* WeightPickerView.swift in Sources */,
			);
			runOnlyForDeploymentPostprocessing = 0;
		};
		3891FD8122678294005B186F /* Sources */ = {
			isa = PBXSourcesBuildPhase;
			buildActionMask = 2147483647;
			files = (
				38B3672E226CA4340009E42F /* AppDelegateSpec.swift in Sources */,
				381D4F7F22711E24009F7E53 /* GraphViewControllerSpec.swift in Sources */,
				38B36720226931270009E42F /* InputViewControllerSpec.swift in Sources */,
				3814998A226F4DA4001B2E71 /* ListViewControllerSpec.swift in Sources */,
				382A532522C4EC6200ED36E2 /* LocalNotificationSwitchValueRepositorySpec.swift in Sources */,
				386BDC0922DC425A002132B5 /* LocalNotificationTimeRepositorySpec.swift in Sources */,
				38BE15CE227EAE9C00F97649 /* LocalTargetWeightRepositorySpec.swift in Sources */,
				38BE159D22793F0A00F97649 /* LocalWeightRepositorySpec.swift in Sources */,
				38B367282269E7F30009E42F /* NavigationRouterSpec.swift in Sources */,
				3898691E228A2336002D9A38 /* RealmGenerator.swift in Sources */,
				38BE15D72285903200F97649 /* RunLoop+advance.swift in Sources */,
				381D4F7B2270B628009F7E53 /* SettingViewControllerSpec.swift in Sources */,
				38B367242269E3E80009E42F /* SpyRouter.swift in Sources */,
				3895EE91229EC3D300FD1CD0 /* StubNotificationSender.swift in Sources */,
				382A531E22BF50E600ED36E2 /* StubNotificationSwitchStatusRepository.swift in Sources */,
				386BDC0722DC1F15002132B5 /* StubNotificationTimeRepository.swift in Sources */,
				38BE15A2227974DC00F97649 /* StubRealmWrapper.swift in Sources */,
				38BE15CC227EAB2D00F97649 /* StubTargetWeightRepository.swift in Sources */,
				38BE15D0227EAF9800F97649 /* StubUserDefaultsWrapper.swift in Sources */,
				38BE159A2279367100F97649 /* StubWeightRepository.swift in Sources */,
				38BE15BA227AD3F200F97649 /* UITabBarController+displayedTab.swift in Sources */,
				38BE15B8227AD39200F97649 /* UITabBarController+selectTab.swift in Sources */,
				38BE15B4227AD25F00F97649 /* UIView+LineChartView.swift in Sources */,
				38BE15C7227EA00200F97649 /* UIView+UIBarButtonItem.swift in Sources */,
				38BE15B6227AD29C00F97649 /* UIViewController+LineChartView.swift in Sources */,
				38986920228A2C89002D9A38 /* UserDefaultsGenerator.swift in Sources */,
			);
			runOnlyForDeploymentPostprocessing = 0;
		};
/* End PBXSourcesBuildPhase section */

/* Begin PBXTargetDependency section */
		381D4F8F22720656009F7E53 /* PBXTargetDependency */ = {
			isa = PBXTargetDependency;
			target = 3891FD7022678292005B186F /* WeightScale */;
			targetProxy = 381D4F8E22720656009F7E53 /* PBXContainerItemProxy */;
		};
		3891FD8722678294005B186F /* PBXTargetDependency */ = {
			isa = PBXTargetDependency;
			target = 3891FD7022678292005B186F /* WeightScale */;
			targetProxy = 3891FD8622678294005B186F /* PBXContainerItemProxy */;
		};
/* End PBXTargetDependency section */

/* Begin PBXVariantGroup section */
		3891FD7D22678294005B186F /* LaunchScreen.storyboard */ = {
			isa = PBXVariantGroup;
			children = (
				3891FD7E22678294005B186F /* Base */,
			);
			name = LaunchScreen.storyboard;
			sourceTree = "<group>";
		};
/* End PBXVariantGroup section */

/* Begin XCBuildConfiguration section */
		381D4F9022720656009F7E53 /* Debug */ = {
			isa = XCBuildConfiguration;
			baseConfigurationReference = 07CDECA49FD5BE95EE9842F2 /* Pods-WeightScaleThirdPartyAPITests.debug.xcconfig */;
			buildSettings = {
				BUNDLE_LOADER = "$(TEST_HOST)";
				CODE_SIGN_STYLE = Automatic;
				DEVELOPMENT_TEAM = UUD4WPFJTD;
				FRAMEWORK_SEARCH_PATHS = (
					"$(inherited)",
					"$(PROJECT_DIR)/Carthage/Build/iOS",
				);
				INFOPLIST_FILE = WeightScaleThirdPartyAPITests/Info.plist;
				IPHONEOS_DEPLOYMENT_TARGET = 12.2;
				LD_RUNPATH_SEARCH_PATHS = (
					"$(inherited)",
					"@executable_path/Frameworks",
					"@loader_path/Frameworks",
				);
				PRODUCT_BUNDLE_IDENTIFIER = jp.ema.WeightScaleThirdPartyAPITests;
				PRODUCT_NAME = "$(TARGET_NAME)";
				SWIFT_VERSION = 5.0;
				TARGETED_DEVICE_FAMILY = "1,2";
				TEST_HOST = "$(BUILT_PRODUCTS_DIR)/WeightScale.app/WeightScale";
			};
			name = Debug;
		};
		381D4F9122720656009F7E53 /* Release */ = {
			isa = XCBuildConfiguration;
			baseConfigurationReference = 1A1ACA608E0CE8D400677A53 /* Pods-WeightScaleThirdPartyAPITests.release.xcconfig */;
			buildSettings = {
				BUNDLE_LOADER = "$(TEST_HOST)";
				CODE_SIGN_STYLE = Automatic;
				DEVELOPMENT_TEAM = UUD4WPFJTD;
				FRAMEWORK_SEARCH_PATHS = (
					"$(inherited)",
					"$(PROJECT_DIR)/Carthage/Build/iOS",
				);
				INFOPLIST_FILE = WeightScaleThirdPartyAPITests/Info.plist;
				IPHONEOS_DEPLOYMENT_TARGET = 12.2;
				LD_RUNPATH_SEARCH_PATHS = (
					"$(inherited)",
					"@executable_path/Frameworks",
					"@loader_path/Frameworks",
				);
				PRODUCT_BUNDLE_IDENTIFIER = jp.ema.WeightScaleThirdPartyAPITests;
				PRODUCT_NAME = "$(TARGET_NAME)";
				SWIFT_VERSION = 5.0;
				TARGETED_DEVICE_FAMILY = "1,2";
				TEST_HOST = "$(BUILT_PRODUCTS_DIR)/WeightScale.app/WeightScale";
			};
			name = Release;
		};
		3891FD8C22678294005B186F /* Debug */ = {
			isa = XCBuildConfiguration;
			buildSettings = {
				ALWAYS_SEARCH_USER_PATHS = NO;
				CLANG_ANALYZER_NONNULL = YES;
				CLANG_ANALYZER_NUMBER_OBJECT_CONVERSION = YES_AGGRESSIVE;
				CLANG_CXX_LANGUAGE_STANDARD = "gnu++14";
				CLANG_CXX_LIBRARY = "libc++";
				CLANG_ENABLE_MODULES = YES;
				CLANG_ENABLE_OBJC_ARC = YES;
				CLANG_ENABLE_OBJC_WEAK = YES;
				CLANG_WARN_BLOCK_CAPTURE_AUTORELEASING = YES;
				CLANG_WARN_BOOL_CONVERSION = YES;
				CLANG_WARN_COMMA = YES;
				CLANG_WARN_CONSTANT_CONVERSION = YES;
				CLANG_WARN_DEPRECATED_OBJC_IMPLEMENTATIONS = YES;
				CLANG_WARN_DIRECT_OBJC_ISA_USAGE = YES_ERROR;
				CLANG_WARN_DOCUMENTATION_COMMENTS = YES;
				CLANG_WARN_EMPTY_BODY = YES;
				CLANG_WARN_ENUM_CONVERSION = YES;
				CLANG_WARN_INFINITE_RECURSION = YES;
				CLANG_WARN_INT_CONVERSION = YES;
				CLANG_WARN_NON_LITERAL_NULL_CONVERSION = YES;
				CLANG_WARN_OBJC_IMPLICIT_RETAIN_SELF = YES;
				CLANG_WARN_OBJC_LITERAL_CONVERSION = YES;
				CLANG_WARN_OBJC_ROOT_CLASS = YES_ERROR;
				CLANG_WARN_QUOTED_INCLUDE_IN_FRAMEWORK_HEADER = YES;
				CLANG_WARN_RANGE_LOOP_ANALYSIS = YES;
				CLANG_WARN_STRICT_PROTOTYPES = YES;
				CLANG_WARN_SUSPICIOUS_MOVE = YES;
				CLANG_WARN_UNGUARDED_AVAILABILITY = YES_AGGRESSIVE;
				CLANG_WARN_UNREACHABLE_CODE = YES;
				CLANG_WARN__DUPLICATE_METHOD_MATCH = YES;
				CODE_SIGN_IDENTITY = "iPhone Developer";
				COPY_PHASE_STRIP = NO;
				DEBUG_INFORMATION_FORMAT = dwarf;
				ENABLE_STRICT_OBJC_MSGSEND = YES;
				ENABLE_TESTABILITY = YES;
				GCC_C_LANGUAGE_STANDARD = gnu11;
				GCC_DYNAMIC_NO_PIC = NO;
				GCC_NO_COMMON_BLOCKS = YES;
				GCC_OPTIMIZATION_LEVEL = 0;
				GCC_PREPROCESSOR_DEFINITIONS = (
					"DEBUG=1",
					"$(inherited)",
				);
				GCC_WARN_64_TO_32_BIT_CONVERSION = YES;
				GCC_WARN_ABOUT_RETURN_TYPE = YES_ERROR;
				GCC_WARN_UNDECLARED_SELECTOR = YES;
				GCC_WARN_UNINITIALIZED_AUTOS = YES_AGGRESSIVE;
				GCC_WARN_UNUSED_FUNCTION = YES;
				GCC_WARN_UNUSED_VARIABLE = YES;
				IPHONEOS_DEPLOYMENT_TARGET = 12.1;
				MTL_ENABLE_DEBUG_INFO = INCLUDE_SOURCE;
				MTL_FAST_MATH = YES;
				ONLY_ACTIVE_ARCH = YES;
				SDKROOT = iphoneos;
				SWIFT_ACTIVE_COMPILATION_CONDITIONS = DEBUG;
				SWIFT_OPTIMIZATION_LEVEL = "-Onone";
			};
			name = Debug;
		};
		3891FD8D22678294005B186F /* Release */ = {
			isa = XCBuildConfiguration;
			buildSettings = {
				ALWAYS_SEARCH_USER_PATHS = NO;
				CLANG_ANALYZER_NONNULL = YES;
				CLANG_ANALYZER_NUMBER_OBJECT_CONVERSION = YES_AGGRESSIVE;
				CLANG_CXX_LANGUAGE_STANDARD = "gnu++14";
				CLANG_CXX_LIBRARY = "libc++";
				CLANG_ENABLE_MODULES = YES;
				CLANG_ENABLE_OBJC_ARC = YES;
				CLANG_ENABLE_OBJC_WEAK = YES;
				CLANG_WARN_BLOCK_CAPTURE_AUTORELEASING = YES;
				CLANG_WARN_BOOL_CONVERSION = YES;
				CLANG_WARN_COMMA = YES;
				CLANG_WARN_CONSTANT_CONVERSION = YES;
				CLANG_WARN_DEPRECATED_OBJC_IMPLEMENTATIONS = YES;
				CLANG_WARN_DIRECT_OBJC_ISA_USAGE = YES_ERROR;
				CLANG_WARN_DOCUMENTATION_COMMENTS = YES;
				CLANG_WARN_EMPTY_BODY = YES;
				CLANG_WARN_ENUM_CONVERSION = YES;
				CLANG_WARN_INFINITE_RECURSION = YES;
				CLANG_WARN_INT_CONVERSION = YES;
				CLANG_WARN_NON_LITERAL_NULL_CONVERSION = YES;
				CLANG_WARN_OBJC_IMPLICIT_RETAIN_SELF = YES;
				CLANG_WARN_OBJC_LITERAL_CONVERSION = YES;
				CLANG_WARN_OBJC_ROOT_CLASS = YES_ERROR;
				CLANG_WARN_QUOTED_INCLUDE_IN_FRAMEWORK_HEADER = YES;
				CLANG_WARN_RANGE_LOOP_ANALYSIS = YES;
				CLANG_WARN_STRICT_PROTOTYPES = YES;
				CLANG_WARN_SUSPICIOUS_MOVE = YES;
				CLANG_WARN_UNGUARDED_AVAILABILITY = YES_AGGRESSIVE;
				CLANG_WARN_UNREACHABLE_CODE = YES;
				CLANG_WARN__DUPLICATE_METHOD_MATCH = YES;
				CODE_SIGN_IDENTITY = "iPhone Developer";
				COPY_PHASE_STRIP = NO;
				DEBUG_INFORMATION_FORMAT = "dwarf-with-dsym";
				ENABLE_NS_ASSERTIONS = NO;
				ENABLE_STRICT_OBJC_MSGSEND = YES;
				GCC_C_LANGUAGE_STANDARD = gnu11;
				GCC_NO_COMMON_BLOCKS = YES;
				GCC_WARN_64_TO_32_BIT_CONVERSION = YES;
				GCC_WARN_ABOUT_RETURN_TYPE = YES_ERROR;
				GCC_WARN_UNDECLARED_SELECTOR = YES;
				GCC_WARN_UNINITIALIZED_AUTOS = YES_AGGRESSIVE;
				GCC_WARN_UNUSED_FUNCTION = YES;
				GCC_WARN_UNUSED_VARIABLE = YES;
				IPHONEOS_DEPLOYMENT_TARGET = 12.1;
				MTL_ENABLE_DEBUG_INFO = NO;
				MTL_FAST_MATH = YES;
				SDKROOT = iphoneos;
				SWIFT_COMPILATION_MODE = wholemodule;
				SWIFT_OPTIMIZATION_LEVEL = "-O";
				VALIDATE_PRODUCT = YES;
			};
			name = Release;
		};
		3891FD8F22678294005B186F /* Debug */ = {
			isa = XCBuildConfiguration;
			baseConfigurationReference = 577FAA9133BA651CAF50DBC8 /* Pods-WeightScale.debug.xcconfig */;
			buildSettings = {
				ASSETCATALOG_COMPILER_APPICON_NAME = AppIcon;
				CODE_SIGN_STYLE = Automatic;
				CURRENT_PROJECT_VERSION = 24;
				DEVELOPMENT_TEAM = UUD4WPFJTD;
				FRAMEWORK_SEARCH_PATHS = (
					"$(inherited)",
					"$(PROJECT_DIR)/Carthage/Build/iOS",
				);
				INFOPLIST_FILE = WeightScale/Application/Info.plist;
				LD_RUNPATH_SEARCH_PATHS = (
					"$(inherited)",
					"@executable_path/Frameworks",
				);
				PRODUCT_BUNDLE_IDENTIFIER = jp.ema.WeightScale;
				PRODUCT_NAME = "$(TARGET_NAME)";
				SWIFT_VERSION = 5.0;
				TARGETED_DEVICE_FAMILY = "1,2";
				VERSIONING_SYSTEM = "apple-generic";
			};
			name = Debug;
		};
		3891FD9022678294005B186F /* Release */ = {
			isa = XCBuildConfiguration;
			baseConfigurationReference = 517A4848CD20B511E4355164 /* Pods-WeightScale.release.xcconfig */;
			buildSettings = {
				ASSETCATALOG_COMPILER_APPICON_NAME = AppIcon;
				CODE_SIGN_STYLE = Automatic;
				CURRENT_PROJECT_VERSION = 24;
				DEVELOPMENT_TEAM = UUD4WPFJTD;
				FRAMEWORK_SEARCH_PATHS = (
					"$(inherited)",
					"$(PROJECT_DIR)/Carthage/Build/iOS",
				);
				INFOPLIST_FILE = WeightScale/Application/Info.plist;
				LD_RUNPATH_SEARCH_PATHS = (
					"$(inherited)",
					"@executable_path/Frameworks",
				);
				PRODUCT_BUNDLE_IDENTIFIER = jp.ema.WeightScale;
				PRODUCT_NAME = "$(TARGET_NAME)";
				SWIFT_VERSION = 5.0;
				TARGETED_DEVICE_FAMILY = "1,2";
				VERSIONING_SYSTEM = "apple-generic";
			};
			name = Release;
		};
		3891FD9222678294005B186F /* Debug */ = {
			isa = XCBuildConfiguration;
			baseConfigurationReference = 3D02B64C663E72EAB5276A7D /* Pods-WeightScaleTests.debug.xcconfig */;
			buildSettings = {
				ALWAYS_EMBED_SWIFT_STANDARD_LIBRARIES = YES;
				BUNDLE_LOADER = "$(TEST_HOST)";
				CODE_SIGN_STYLE = Automatic;
				DEVELOPMENT_TEAM = UUD4WPFJTD;
				FRAMEWORK_SEARCH_PATHS = (
					"$(inherited)",
					"$(PROJECT_DIR)/Carthage/Build/iOS",
				);
				INFOPLIST_FILE = WeightScaleTests/Application/Info.plist;
				LD_RUNPATH_SEARCH_PATHS = (
					"$(inherited)",
					"@executable_path/Frameworks",
					"@loader_path/Frameworks",
				);
				PRODUCT_BUNDLE_IDENTIFIER = jp.ema.WeightScaleTests;
				PRODUCT_NAME = "$(TARGET_NAME)";
				SWIFT_VERSION = 5.0;
				TARGETED_DEVICE_FAMILY = "1,2";
				TEST_HOST = "$(BUILT_PRODUCTS_DIR)/WeightScale.app/WeightScale";
			};
			name = Debug;
		};
		3891FD9322678294005B186F /* Release */ = {
			isa = XCBuildConfiguration;
			baseConfigurationReference = FC5A8DD3983EA5DDEFA0189F /* Pods-WeightScaleTests.release.xcconfig */;
			buildSettings = {
				ALWAYS_EMBED_SWIFT_STANDARD_LIBRARIES = YES;
				BUNDLE_LOADER = "$(TEST_HOST)";
				CODE_SIGN_STYLE = Automatic;
				DEVELOPMENT_TEAM = UUD4WPFJTD;
				FRAMEWORK_SEARCH_PATHS = (
					"$(inherited)",
					"$(PROJECT_DIR)/Carthage/Build/iOS",
				);
				INFOPLIST_FILE = WeightScaleTests/Application/Info.plist;
				LD_RUNPATH_SEARCH_PATHS = (
					"$(inherited)",
					"@executable_path/Frameworks",
					"@loader_path/Frameworks",
				);
				PRODUCT_BUNDLE_IDENTIFIER = jp.ema.WeightScaleTests;
				PRODUCT_NAME = "$(TARGET_NAME)";
				SWIFT_VERSION = 5.0;
				TARGETED_DEVICE_FAMILY = "1,2";
				TEST_HOST = "$(BUILT_PRODUCTS_DIR)/WeightScale.app/WeightScale";
			};
			name = Release;
		};
/* End XCBuildConfiguration section */

/* Begin XCConfigurationList section */
		381D4F9222720656009F7E53 /* Build configuration list for PBXNativeTarget "WeightScaleThirdPartyAPITests" */ = {
			isa = XCConfigurationList;
			buildConfigurations = (
				381D4F9022720656009F7E53 /* Debug */,
				381D4F9122720656009F7E53 /* Release */,
			);
			defaultConfigurationIsVisible = 0;
			defaultConfigurationName = Release;
		};
		3891FD6C22678292005B186F /* Build configuration list for PBXProject "WeightScale" */ = {
			isa = XCConfigurationList;
			buildConfigurations = (
				3891FD8C22678294005B186F /* Debug */,
				3891FD8D22678294005B186F /* Release */,
			);
			defaultConfigurationIsVisible = 0;
			defaultConfigurationName = Release;
		};
		3891FD8E22678294005B186F /* Build configuration list for PBXNativeTarget "WeightScale" */ = {
			isa = XCConfigurationList;
			buildConfigurations = (
				3891FD8F22678294005B186F /* Debug */,
				3891FD9022678294005B186F /* Release */,
			);
			defaultConfigurationIsVisible = 0;
			defaultConfigurationName = Release;
		};
		3891FD9122678294005B186F /* Build configuration list for PBXNativeTarget "WeightScaleTests" */ = {
			isa = XCConfigurationList;
			buildConfigurations = (
				3891FD9222678294005B186F /* Debug */,
				3891FD9322678294005B186F /* Release */,
			);
			defaultConfigurationIsVisible = 0;
			defaultConfigurationName = Release;
		};
/* End XCConfigurationList section */
	};
	rootObject = 3891FD6922678292005B186F /* Project object */;
}
